PODS:
  - AFNetworking (3.1.0):
    - AFNetworking/NSURLSession (= 3.1.0)
    - AFNetworking/Reachability (= 3.1.0)
    - AFNetworking/Security (= 3.1.0)
    - AFNetworking/Serialization (= 3.1.0)
    - AFNetworking/UIKit (= 3.1.0)
  - AFNetworking/NSURLSession (3.1.0):
    - AFNetworking/Reachability
    - AFNetworking/Security
    - AFNetworking/Serialization
  - AFNetworking/Reachability (3.1.0)
  - AFNetworking/Security (3.1.0)
  - AFNetworking/Serialization (3.1.0)
  - AFNetworking/UIKit (3.1.0):
    - AFNetworking/NSURLSession
  - Bugly (2.4.2)
  - DZNEmptyDataSet (1.8.1)
  - FDFullscreenPopGesture (1.1)
  - FMDB (2.6.2):
    - FMDB/standard (= 2.6.2)
  - FMDB/standard (2.6.2)
  - IQKeyboardManager (4.0.6)
  - Masonry (1.0.2)
  - MJRefresh (3.1.12)
  - SVProgressHUD (2.0.3)
  - UMengUShare/Core (6.4.0):
    - UMengUShare/Network
  - UMengUShare/Network (6.4.0)
  - UMengUShare/Plugin/IDFA (6.4.0):
    - UMengUShare/Core
  - UMengUShare/Social/ReducedQQ (6.4.0):
    - UMengUShare/Core
  - UMengUShare/Social/ReducedSina (6.4.0):
    - UMengUShare/Core
  - UMengUShare/Social/ReducedWeChat (6.4.0):
    - UMengUShare/Core
  - YYCache (1.0.4)
  - YYCategories (1.0.4):
    - YYCategories/no-arc (= 1.0.4)
  - YYCategories/no-arc (1.0.4)
  - YYImage (1.0.4):
    - YYImage/Core (= 1.0.4)
  - YYImage/Core (1.0.4)
  - YYModel (1.0.4)
  - YYText (1.0.7)
  - YYWebImage (1.0.5):
    - YYCache
    - YYImage

DEPENDENCIES:
  - AFNetworking
  - Bugly
  - DZNEmptyDataSet
  - FDFullscreenPopGesture
  - FMDB
  - IQKeyboardManager
  - Masonry
  - MJRefresh
  - SVProgressHUD
  - UMengUShare/Plugin/IDFA
  - UMengUShare/Social/ReducedQQ
  - UMengUShare/Social/ReducedSina
  - UMengUShare/Social/ReducedWeChat
  - YYCategories
  - YYModel
  - YYText
  - YYWebImage

SPEC CHECKSUMS:
  AFNetworking: 5e0e199f73d8626b11e79750991f5d173d1f8b67
  Bugly: b09cd3c7e54048a0e079be88a7a99610f14eab8f
  DZNEmptyDataSet: 9525833b9e68ac21c30253e1d3d7076cc828eaa7
  FDFullscreenPopGesture: a8a620179e3d9c40e8e00256dcee1c1a27c6d0f0
  FMDB: 854a0341b4726e53276f2a8996f06f1b80f9259a
  IQKeyboardManager: c52debb1967799ae7addb98eab0cf328083a874f
  Masonry: 7c429b56da9d4ee0bbb3ed77a5ea710d6a5df39e
  MJRefresh: b96cdb21c4aa75a7b07654311ab2f315c497e806
  SVProgressHUD: b0830714205bea1317ea1a2ebc71e5633af334d4
  UMengUShare: 83f849f356db0db9f18488cfbc2055a20b150481
  YYCache: 8105b6638f5e849296c71f331ff83891a4942952
  YYCategories: 6bcd4314c6661a561410dce4a793379ebd306abd
  YYImage: 1e1b62a9997399593e4b9c4ecfbbabbf1d3f3b54
  YYModel: 2a7fdd96aaa4b86a824e26d0c517de8928c04b30
  YYText: 5c461d709e24d55a182d1441c41dc639a18a4849
  YYWebImage: 5f7f36aee2ae293f016d418c7d6ba05c4863e928

PODFILE CHECKSUM: d2a4ba41b856f226075ac4792163411f95b208b4

COCOAPODS: 1.2.0.beta.1
