// !$*UTF8*$!
{
	archiveVersion = 1;
	classes = {
	};
	objectVersion = 46;
	objects = {

/* Begin PBXBuildFile section */
		054EE6F41E013F58009BBCF8 = {
			isa = PBXBuildFile;
			fileRef = 054EE6F31E013F58009BBCF8;
		};
		056E20D31E03CA4A007A9DD7 = {
			isa = PBXBuildFile;
			fileRef = 056E20D21E03CA4A007A9DD7;
		};
		056E45591DFFC5EF00D5C956 = {
			isa = PBXBuildFile;
			fileRef = 056E45581DFFC5EF00D5C956;
		};
		056E45671DFFD91900D5C956 = {
			isa = PBXBuildFile;
			fileRef = 056E45661DFFD91900D5C956;
		};
		056E456A1DFFD93B00D5C956 = {
			isa = PBXBuildFile;
			fileRef = 056E45691DFFD93B00D5C956;
		};
		056E456D1DFFD94C00D5C956 = {
			isa = PBXBuildFile;
			fileRef = 056E456C1DFFD94C00D5C956;
		};
		056E45701DFFD9E600D5C956 = {
			isa = PBXBuildFile;
			fileRef = 056E456F1DFFD9E600D5C956;
		};
		05947D701E02897300F05CFB = {
			isa = PBXBuildFile;
			fileRef = 05947D6F1E02897300F05CFB;
		};
		05F4814D1E0249E8002B83CC = {
			isa = PBXBuildFile;
			fileRef = 05F4814C1E0249E8002B83CC;
		};
		05F481501E0267DB002B83CC = {
			isa = PBXBuildFile;
			fileRef = 05F4814F1E0267DB002B83CC;
		};
		AD02DC6D1DFAE6B5002F1BA4 = {
			isa = PBXBuildFile;
			fileRef = AD02DC6C1DFAE6B5002F1BA4;
		};
		AD02DC701DFAE733002F1BA4 = {
			isa = PBXBuildFile;
			fileRef = AD02DC6F1DFAE733002F1BA4;
		};
		AD258D0D1DFD6C8C00948C7B = {
			isa = PBXBuildFile;
			fileRef = AD258D0C1DFD6C8C00948C7B;
		};
		AD30B13C1DFAC900000189DD = {
			isa = PBXBuildFile;
			fileRef = AD30B13B1DFAC900000189DD;
		};
		AD30B1471DFAC900000189DD = {
			isa = PBXBuildFile;
			fileRef = AD30B1461DFAC900000189DD;
		};
		AD30B1711DFAC992000189DD = {
			isa = PBXBuildFile;
			fileRef = AD30B1531DFAC992000189DD;
		};
		AD30B1721DFAC992000189DD = {
			isa = PBXBuildFile;
			fileRef = AD30B1591DFAC992000189DD;
		};
		AD30B1731DFAC992000189DD = {
			isa = PBXBuildFile;
			fileRef = AD30B1601DFAC992000189DD;
		};
		AD30B1741DFAC992000189DD = {
			isa = PBXBuildFile;
			fileRef = AD30B16B1DFAC992000189DD;
		};
		AD324D841E01998500963FCB = {
			isa = PBXBuildFile;
			fileRef = AD324D831E01998500963FCB;
		};
		AD5B73D11DFD56B600A02C93 = {
			isa = PBXBuildFile;
			fileRef = AD5B73D01DFD56B600A02C93;
		};
		AD73C65B1E003CDA00E296D1 = {
			isa = PBXBuildFile;
			fileRef = AD73C65A1E003CDA00E296D1;
		};
		AD73C6611E0049A500E296D1 = {
			isa = PBXBuildFile;
			fileRef = AD73C6601E0049A500E296D1;
		};
		AD7992491E01A011008F733F = {
			isa = PBXBuildFile;
			fileRef = AD7992411E01A011008F733F;
		};
		AD79924A1E01A011008F733F = {
			isa = PBXBuildFile;
			fileRef = AD7992431E01A011008F733F;
		};
		AD79924B1E01A011008F733F = {
			isa = PBXBuildFile;
			fileRef = AD7992451E01A011008F733F;
		};
		AD79924C1E01A011008F733F = {
			isa = PBXBuildFile;
			fileRef = AD7992481E01A011008F733F;
		};
		ADA278DE1DFAF16C00681C47 = {
			isa = PBXBuildFile;
			fileRef = ADA278DD1DFAF16C00681C47;
		};
		ADE169DF1E0A8EEA0014E8A8 = {
			isa = PBXBuildFile;
			fileRef = ADE169DE1E0A8EEA0014E8A8;
		};
		ADEA477D1E065B4200167EF0 = {
			isa = PBXBuildFile;
			fileRef = ADEA477C1E065B4200167EF0;
		};
		ADF042431E0192EF00171489 = {
			isa = PBXBuildFile;
			fileRef = ADF042381E0192EF00171489;
		};
		ADF042441E0192EF00171489 = {
			isa = PBXBuildFile;
			fileRef = ADF042391E0192EF00171489;
		};
		ADF042451E0192EF00171489 = {
			isa = PBXBuildFile;
			fileRef = ADF0423A1E0192EF00171489;
		};
		ADF042461E0192EF00171489 = {
			isa = PBXBuildFile;
			fileRef = ADF0423B1E0192EF00171489;
		};
		ADF042471E0192EF00171489 = {
			isa = PBXBuildFile;
			fileRef = ADF0423C1E0192EF00171489;
		};
		ADF042481E0192EF00171489 = {
			isa = PBXBuildFile;
			fileRef = ADF0423D1E0192EF00171489;
		};
		ADF042491E0192EF00171489 = {
			isa = PBXBuildFile;
			fileRef = ADF0423E1E0192EF00171489;
		};
		ADF0424A1E0192EF00171489 = {
			isa = PBXBuildFile;
			fileRef = ADF0423F1E0192EF00171489;
		};
		ADF0424B1E0192EF00171489 = {
			isa = PBXBuildFile;
			fileRef = ADF042401E0192EF00171489;
		};
		ADF0424C1E0192EF00171489 = {
			isa = PBXBuildFile;
			fileRef = ADF042411E0192EF00171489;
		};
		ADF0424D1E0192EF00171489 = {
			isa = PBXBuildFile;
			fileRef = ADF042421E0192EF00171489;
		};
/* End PBXBuildFile section */

/* Begin PBXFileReference section */
		054EE6F21E013F58009BBCF8 = {
			isa = PBXFileReference;
			fileEncoding = 4;
			lastKnownFileType = sourcecode.c.h;
			path = CXSectionButton.h;
			sourceTree = "<group>";
		};
		054EE6F31E013F58009BBCF8 = {
			isa = PBXFileReference;
			fileEncoding = 4;
			lastKnownFileType = sourcecode.c.objc;
			path = CXSectionButton.m;
			sourceTree = "<group>";
		};
		056E20D11E03CA4A007A9DD7 = {
			isa = PBXFileReference;
			fileEncoding = 4;
			lastKnownFileType = sourcecode.c.h;
			path = UserInfoViewController.h;
			sourceTree = "<group>";
		};
		056E20D21E03CA4A007A9DD7 = {
			isa = PBXFileReference;
			fileEncoding = 4;
			lastKnownFileType = sourcecode.c.objc;
			path = UserInfoViewController.m;
			sourceTree = "<group>";
		};
		056E45571DFFC5EF00D5C956 = {
			isa = PBXFileReference;
			fileEncoding = 4;
			lastKnownFileType = sourcecode.c.h;
			path = YYReachability.h;
			sourceTree = "<group>";
		};
		056E45581DFFC5EF00D5C956 = {
			isa = PBXFileReference;
			fileEncoding = 4;
			lastKnownFileType = sourcecode.c.objc;
			path = YYReachability.m;
			sourceTree = "<group>";
		};
		056E455B1DFFC62400D5C956 = {
			isa = PBXFileReference;
			lastKnownFileType = sourcecode.c.h;
			path = VendorsImport.h;
			sourceTree = "<group>";
		};
		056E45651DFFD91900D5C956 = {
			isa = PBXFileReference;
			fileEncoding = 4;
			lastKnownFileType = sourcecode.c.h;
			path = CXView.h;
			sourceTree = "<group>";
		};
		056E45661DFFD91900D5C956 = {
			isa = PBXFileReference;
			fileEncoding = 4;
			lastKnownFileType = sourcecode.c.objc;
			path = CXView.m;
			sourceTree = "<group>";
		};
		056E45681DFFD93B00D5C956 = {
			isa = PBXFileReference;
			fileEncoding = 4;
			lastKnownFileType = sourcecode.c.h;
			path = CXViewModel.h;
			sourceTree = "<group>";
		};
		056E45691DFFD93B00D5C956 = {
			isa = PBXFileReference;
			fileEncoding = 4;
			lastKnownFileType = sourcecode.c.objc;
			path = CXViewModel.m;
			sourceTree = "<group>";
		};
		056E456B1DFFD94C00D5C956 = {
			isa = PBXFileReference;
			fileEncoding = 4;
			lastKnownFileType = sourcecode.c.h;
			path = CXModel.h;
			sourceTree = "<group>";
		};
		056E456C1DFFD94C00D5C956 = {
			isa = PBXFileReference;
			fileEncoding = 4;
			lastKnownFileType = sourcecode.c.objc;
			path = CXModel.m;
			sourceTree = "<group>";
		};
		056E456E1DFFD9E600D5C956 = {
			isa = PBXFileReference;
			fileEncoding = 4;
			lastKnownFileType = sourcecode.c.h;
			name = CXViewController.h;
			path = xbsz/Classes/General/Base/Controller/CXViewController.h;
			sourceTree = SOURCE_ROOT;
		};
		056E456F1DFFD9E600D5C956 = {
			isa = PBXFileReference;
			fileEncoding = 4;
			lastKnownFileType = sourcecode.c.objc;
			name = CXViewController.m;
			path = xbsz/Classes/General/Base/Controller/CXViewController.m;
			sourceTree = SOURCE_ROOT;
		};
		056E45711DFFDD2900D5C956 = {
			isa = PBXFileReference;
			lastKnownFileType = sourcecode.c.h;
			path = CXViewProtocal.h;
			sourceTree = "<group>";
		};
		056E45721DFFDD8B00D5C956 = {
			isa = PBXFileReference;
			lastKnownFileType = sourcecode.c.h;
			path = CXViewModelProtocol.h;
			sourceTree = "<group>";
		};
		056E45731DFFDF8600D5C956 = {
			isa = PBXFileReference;
			lastKnownFileType = sourcecode.c.h;
			name = CXViewControllerProtocol.h;
			path = xbsz/Classes/General/Base/Controller/CXViewControllerProtocol.h;
			sourceTree = SOURCE_ROOT;
		};
		05947D6E1E02897300F05CFB = {
			isa = PBXFileReference;
			fileEncoding = 4;
			lastKnownFileType = sourcecode.c.h;
			path = SetItemView.h;
			sourceTree = "<group>";
		};
		05947D6F1E02897300F05CFB = {
			isa = PBXFileReference;
			fileEncoding = 4;
			lastKnownFileType = sourcecode.c.objc;
			path = SetItemView.m;
			sourceTree = "<group>";
		};
		05F4814B1E0249E8002B83CC = {
			isa = PBXFileReference;
			fileEncoding = 4;
			lastKnownFileType = sourcecode.c.h;
			path = CommendViewController.h;
			sourceTree = "<group>";
		};
		05F4814C1E0249E8002B83CC = {
			isa = PBXFileReference;
			fileEncoding = 4;
			lastKnownFileType = sourcecode.c.objc;
			path = CommendViewController.m;
			sourceTree = "<group>";
		};
		05F4814E1E0267DB002B83CC = {
			isa = PBXFileReference;
			fileEncoding = 4;
			lastKnownFileType = sourcecode.c.h;
			path = SetViewController.h;
			sourceTree = "<group>";
		};
		05F4814F1E0267DB002B83CC = {
			isa = PBXFileReference;
			fileEncoding = 4;
			lastKnownFileType = sourcecode.c.objc;
			path = SetViewController.m;
			sourceTree = "<group>";
		};
		AD02DC671DFACEAF002F1BA4 = {
			isa = PBXFileReference;
			lastKnownFileType = sourcecode.c.h;
			path = FontAndColor.h;
			sourceTree = "<group>";
		};
		AD02DC691DFAD3C1002F1BA4 = {
			isa = PBXFileReference;
			lastKnownFileType = sourcecode.c.h;
			path = PodsImport.h;
			sourceTree = "<group>";
		};
		AD02DC6B1DFAE6B5002F1BA4 = {
			isa = PBXFileReference;
			fileEncoding = 4;
			lastKnownFileType = sourcecode.c.h;
			path = CXTabBarController.h;
			sourceTree = "<group>";
		};
		AD02DC6C1DFAE6B5002F1BA4 = {
			isa = PBXFileReference;
			fileEncoding = 4;
			lastKnownFileType = sourcecode.c.objc;
			path = CXTabBarController.m;
			sourceTree = "<group>";
		};
		AD02DC6E1DFAE733002F1BA4 = {
			isa = PBXFileReference;
			fileEncoding = 4;
			lastKnownFileType = sourcecode.c.h;
			path = CXNavigationController.h;
			sourceTree = "<group>";
		};
		AD02DC6F1DFAE733002F1BA4 = {
			isa = PBXFileReference;
			fileEncoding = 4;
			lastKnownFileType = sourcecode.c.objc;
			path = CXNavigationController.m;
			sourceTree = "<group>";
		};
		AD258D0B1DFD6C8C00948C7B = {
			isa = PBXFileReference;
			fileEncoding = 4;
			lastKnownFileType = sourcecode.c.h;
			path = UserCenterViewController.h;
			sourceTree = "<group>";
		};
		AD258D0C1DFD6C8C00948C7B = {
			isa = PBXFileReference;
			fileEncoding = 4;
			lastKnownFileType = sourcecode.c.objc;
			path = UserCenterViewController.m;
			sourceTree = "<group>";
		};
		AD30B1371DFAC900000189DD = {
			isa = PBXFileReference;
			explicitFileType = wrapper.application;
			includeInIndex = 0;
			path = xbsz.app;
			sourceTree = BUILT_PRODUCTS_DIR;
		};
		AD30B13B1DFAC900000189DD = {
			isa = PBXFileReference;
			lastKnownFileType = sourcecode.c.objc;
			path = main.m;
			sourceTree = "<group>";
		};
		AD30B1461DFAC900000189DD = {
			isa = PBXFileReference;
			lastKnownFileType = folder.assetcatalog;
			path = Assets.xcassets;
			sourceTree = "<group>";
		};
		AD30B14B1DFAC900000189DD = {
			isa = PBXFileReference;
			lastKnownFileType = text.plist.xml;
			path = Info.plist;
			sourceTree = "<group>";
		};
		AD30B1521DFAC992000189DD = {
			isa = PBXFileReference;
			fileEncoding = 4;
			lastKnownFileType = sourcecode.c.h;
			path = AppDelegate.h;
			sourceTree = "<group>";
		};
		AD30B1531DFAC992000189DD = {
			isa = PBXFileReference;
			fileEncoding = 4;
			lastKnownFileType = sourcecode.c.objc;
			path = AppDelegate.m;
			sourceTree = "<group>";
		};
		AD30B1581DFAC992000189DD = {
			isa = PBXFileReference;
			fileEncoding = 4;
			lastKnownFileType = sourcecode.c.h;
			path = "UIViewController+CXInit.h";
			sourceTree = "<group>";
		};
		AD30B1591DFAC992000189DD = {
			isa = PBXFileReference;
			fileEncoding = 4;
			lastKnownFileType = sourcecode.c.objc;
			path = "UIViewController+CXInit.m";
			sourceTree = "<group>";
		};
		AD30B15F1DFAC992000189DD = {
			isa = PBXFileReference;
			fileEncoding = 4;
			lastKnownFileType = sourcecode.c.h;
			path = CXNetworkMonitoring.h;
			sourceTree = "<group>";
		};
		AD30B1601DFAC992000189DD = {
			isa = PBXFileReference;
			fileEncoding = 4;
			lastKnownFileType = sourcecode.c.objc;
			path = CXNetworkMonitoring.m;
			sourceTree = "<group>";
		};
		AD30B1621DFAC992000189DD = {
			isa = PBXFileReference;
			fileEncoding = 4;
			lastKnownFileType = sourcecode.c.h;
			path = CategoryImport.h;
			sourceTree = "<group>";
		};
		AD30B1631DFAC992000189DD = {
			isa = PBXFileReference;
			fileEncoding = 4;
			lastKnownFileType = sourcecode.c.h;
			path = MacroImport.h;
			sourceTree = "<group>";
		};
		AD30B1651DFAC992000189DD = {
			isa = PBXFileReference;
			fileEncoding = 4;
			lastKnownFileType = sourcecode.c.h;
			path = AppMacro.h;
			sourceTree = "<group>";
		};
		AD30B16A1DFAC992000189DD = {
			isa = PBXFileReference;
			fileEncoding = 4;
			lastKnownFileType = sourcecode.c.h;
			path = CXLaunchViewController.h;
			sourceTree = "<group>";
		};
		AD30B16B1DFAC992000189DD = {
			isa = PBXFileReference;
			fileEncoding = 4;
			lastKnownFileType = sourcecode.c.objc;
			path = CXLaunchViewController.m;
			sourceTree = "<group>";
		};
		AD30B1751DFACA0C000189DD = {
			isa = PBXFileReference;
			lastKnownFileType = sourcecode.c.h;
			path = PrefixHeader.pch;
			sourceTree = "<group>";
		};
		AD324D821E01998500963FCB = {
			isa = PBXFileReference;
			fileEncoding = 4;
			lastKnownFileType = sourcecode.c.h;
			path = DiscoverViewController.h;
			sourceTree = "<group>";
		};
		AD324D831E01998500963FCB = {
			isa = PBXFileReference;
			fileEncoding = 4;
			lastKnownFileType = sourcecode.c.objc;
			path = DiscoverViewController.m;
			sourceTree = "<group>";
		};
		AD5B73CF1DFD56B600A02C93 = {
			isa = PBXFileReference;
			fileEncoding = 4;
			lastKnownFileType = sourcecode.c.h;
			path = CXBaseViewController.h;
			sourceTree = "<group>";
		};
		AD5B73D01DFD56B600A02C93 = {
			isa = PBXFileReference;
			fileEncoding = 4;
			lastKnownFileType = sourcecode.c.objc;
			path = CXBaseViewController.m;
			sourceTree = "<group>";
		};
		AD73C6591E003CDA00E296D1 = {
			isa = PBXFileReference;
			fileEncoding = 4;
			lastKnownFileType = sourcecode.c.h;
			name = CXPushViewController.h;
			path = xbsz/Classes/General/Base/Controller/CXPushViewController.h;
			sourceTree = SOURCE_ROOT;
		};
		AD73C65A1E003CDA00E296D1 = {
			isa = PBXFileReference;
			fileEncoding = 4;
			lastKnownFileType = sourcecode.c.objc;
			name = CXPushViewController.m;
			path = xbsz/Classes/General/Base/Controller/CXPushViewController.m;
			sourceTree = SOURCE_ROOT;
		};
		AD73C65F1E0049A500E296D1 = {
			isa = PBXFileReference;
			fileEncoding = 4;
			lastKnownFileType = sourcecode.c.h;
			path = "UIView+CXAdd.h";
			sourceTree = "<group>";
		};
		AD73C6601E0049A500E296D1 = {
			isa = PBXFileReference;
			fileEncoding = 4;
			lastKnownFileType = sourcecode.c.objc;
			path = "UIView+CXAdd.m";
			sourceTree = "<group>";
		};
		AD7992401E01A011008F733F = {
			isa = PBXFileReference;
			fileEncoding = 4;
			lastKnownFileType = sourcecode.c.h;
			path = "UIView+Frame.h";
			sourceTree = "<group>";
		};
		AD7992411E01A011008F733F = {
			isa = PBXFileReference;
			fileEncoding = 4;
			lastKnownFileType = sourcecode.c.objc;
			path = "UIView+Frame.m";
			sourceTree = "<group>";
		};
		AD7992421E01A011008F733F = {
			isa = PBXFileReference;
			fileEncoding = 4;
			lastKnownFileType = sourcecode.c.h;
			path = YZDisplayTitleLabel.h;
			sourceTree = "<group>";
		};
		AD7992431E01A011008F733F = {
			isa = PBXFileReference;
			fileEncoding = 4;
			lastKnownFileType = sourcecode.c.objc;
			path = YZDisplayTitleLabel.m;
			sourceTree = "<group>";
		};
		AD7992441E01A011008F733F = {
			isa = PBXFileReference;
			fileEncoding = 4;
			lastKnownFileType = sourcecode.c.h;
			path = YZDisplayViewController.h;
			sourceTree = "<group>";
		};
		AD7992451E01A011008F733F = {
			isa = PBXFileReference;
			fileEncoding = 4;
			lastKnownFileType = sourcecode.c.objc;
			path = YZDisplayViewController.m;
			sourceTree = "<group>";
		};
		AD7992461E01A011008F733F = {
			isa = PBXFileReference;
			fileEncoding = 4;
			lastKnownFileType = sourcecode.c.h;
			path = YZDisplayViewHeader.h;
			sourceTree = "<group>";
		};
		AD7992471E01A011008F733F = {
			isa = PBXFileReference;
			fileEncoding = 4;
			lastKnownFileType = sourcecode.c.h;
			path = YZFlowLayout.h;
			sourceTree = "<group>";
		};
		AD7992481E01A011008F733F = {
			isa = PBXFileReference;
			fileEncoding = 4;
			lastKnownFileType = sourcecode.c.objc;
			path = YZFlowLayout.m;
			sourceTree = "<group>";
		};
		ADA278DC1DFAF16C00681C47 = {
			isa = PBXFileReference;
			fileEncoding = 4;
			lastKnownFileType = sourcecode.c.h;
			path = CXHomeViewController.h;
			sourceTree = "<group>";
		};
		ADA278DD1DFAF16C00681C47 = {
			isa = PBXFileReference;
			fileEncoding = 4;
			lastKnownFileType = sourcecode.c.objc;
			path = CXHomeViewController.m;
			sourceTree = "<group>";
		};
		ADE169DD1E0A8EEA0014E8A8 = {
			isa = PBXFileReference;
			fileEncoding = 4;
			lastKnownFileType = sourcecode.c.h;
			path = LoginViewController.h;
			sourceTree = "<group>";
		};
		ADE169DE1E0A8EEA0014E8A8 = {
			isa = PBXFileReference;
			fileEncoding = 4;
			lastKnownFileType = sourcecode.c.objc;
			path = LoginViewController.m;
			sourceTree = "<group>";
		};
		ADEA477B1E065B4200167EF0 = {
			isa = PBXFileReference;
			fileEncoding = 4;
			lastKnownFileType = sourcecode.c.h;
			path = InformViewController.h;
			sourceTree = "<group>";
		};
		ADEA477C1E065B4200167EF0 = {
			isa = PBXFileReference;
			fileEncoding = 4;
			lastKnownFileType = sourcecode.c.objc;
			path = InformViewController.m;
			sourceTree = "<group>";
		};
		ADF042381E0192EF00171489 = {
			isa = PBXFileReference;
			lastKnownFileType = image.jpeg;
			path = avatar1.jpg;
			sourceTree = "<group>";
		};
		ADF042391E0192EF00171489 = {
			isa = PBXFileReference;
			lastKnownFileType = image.jpeg;
			path = avatar10.jpg;
			sourceTree = "<group>";
		};
		ADF0423A1E0192EF00171489 = {
			isa = PBXFileReference;
			lastKnownFileType = image.jpeg;
			path = avatar11.jpg;
			sourceTree = "<group>";
		};
		ADF0423B1E0192EF00171489 = {
			isa = PBXFileReference;
			lastKnownFileType = image.jpeg;
			path = avatar2.jpg;
			sourceTree = "<group>";
		};
		ADF0423C1E0192EF00171489 = {
			isa = PBXFileReference;
			lastKnownFileType = image.jpeg;
			path = avatar3.jpg;
			sourceTree = "<group>";
		};
		ADF0423D1E0192EF00171489 = {
			isa = PBXFileReference;
			lastKnownFileType = image.jpeg;
			path = avatar4.jpg;
			sourceTree = "<group>";
		};
		ADF0423E1E0192EF00171489 = {
			isa = PBXFileReference;
			lastKnownFileType = image.jpeg;
			path = avatar5.jpg;
			sourceTree = "<group>";
		};
		ADF0423F1E0192EF00171489 = {
			isa = PBXFileReference;
			lastKnownFileType = image.jpeg;
			path = avatar6.jpg;
			sourceTree = "<group>";
		};
		ADF042401E0192EF00171489 = {
			isa = PBXFileReference;
			lastKnownFileType = image.jpeg;
			path = avatar7.jpg;
			sourceTree = "<group>";
		};
		ADF042411E0192EF00171489 = {
			isa = PBXFileReference;
			lastKnownFileType = image.jpeg;
			path = avatar8.jpg;
			sourceTree = "<group>";
		};
		ADF042421E0192EF00171489 = {
			isa = PBXFileReference;
			lastKnownFileType = image.jpeg;
			path = avatar9.jpg;
			sourceTree = "<group>";
		};
/* End PBXFileReference section */

/* Begin PBXFrameworksBuildPhase section */
		AD30B1341DFAC900000189DD = {
			isa = PBXFrameworksBuildPhase;
			buildActionMask = 2147483647;
			files = (
			);
			runOnlyForDeploymentPostprocessing = 0;
		};
/* End PBXFrameworksBuildPhase section */

/* Begin PBXGroup section */
		056E45561DFFC5EF00D5C956 = {
			isa = PBXGroup;
			children = (
				056E45571DFFC5EF00D5C956,
				056E45581DFFC5EF00D5C956,
			);
			path = YYKit;
			sourceTree = "<group>";
		};
		056E45621DFFD8EE00D5C956 = {
			isa = PBXGroup;
			children = (
				056E456B1DFFD94C00D5C956,
				056E456C1DFFD94C00D5C956,
			);
			path = Model;
			sourceTree = "<group>";
		};
		056E45631DFFD8EE00D5C956 = {
			isa = PBXGroup;
			children = (
				056E45651DFFD91900D5C956,
				056E45661DFFD91900D5C956,
				056E45711DFFDD2900D5C956,
			);
			path = View;
			sourceTree = "<group>";
		};
		056E45641DFFD8EE00D5C956 = {
			isa = PBXGroup;
			children = (
				056E45681DFFD93B00D5C956,
				056E45691DFFD93B00D5C956,
				056E45721DFFDD8B00D5C956,
			);
			path = ViewModel;
			sourceTree = "<group>";
		};
		056E45741DFFE55F00D5C956 = {
			isa = PBXGroup;
			children = (
				ADF042371E0192EF00171489,
			);
			path = image;
			sourceTree = "<group>";
		};
		05F481441E0248C0002B83CC = {
			isa = PBXGroup;
			children = (
				05F481451E0248C0002B83CC,
				05F481471E0248C0002B83CC,
				05F481491E0248C0002B83CC,
			);
			path = sub;
			sourceTree = "<group>";
		};
		05F481451E0248C0002B83CC = {
			isa = PBXGroup;
			children = (
				05F481461E0248C0002B83CC,
			);
			path = commend;
			sourceTree = "<group>";
		};
		05F481461E0248C0002B83CC = {
			isa = PBXGroup;
			children = (
				05F4814B1E0249E8002B83CC,
				05F4814C1E0249E8002B83CC,
			);
			path = Controllers;
			sourceTree = "<group>";
		};
		05F481471E0248C0002B83CC = {
			isa = PBXGroup;
			children = (
				05F481481E0248C0002B83CC,
			);
			path = dynamic;
			sourceTree = "<group>";
		};
		05F481481E0248C0002B83CC = {
			isa = PBXGroup;
			children = (
			);
			path = Controllers;
			sourceTree = "<group>";
		};
		05F481491E0248C0002B83CC = {
			isa = PBXGroup;
			children = (
				05F4814A1E0248C0002B83CC,
			);
			path = school;
			sourceTree = "<group>";
		};
		05F4814A1E0248C0002B83CC = {
			isa = PBXGroup;
			children = (
			);
			path = Controllers;
			sourceTree = "<group>";
		};
		05F481511E028086002B83CC = {
			isa = PBXGroup;
			children = (
				05947D6E1E02897300F05CFB,
				05947D6F1E02897300F05CFB,
			);
			path = Views;
			sourceTree = "<group>";
		};
		AD02DC6A1DFAE663002F1BA4 = {
			isa = PBXGroup;
			children = (
				AD02DC6B1DFAE6B5002F1BA4,
				AD02DC6C1DFAE6B5002F1BA4,
				AD02DC6E1DFAE733002F1BA4,
				AD02DC6F1DFAE733002F1BA4,
				AD5B73CF1DFD56B600A02C93,
				AD5B73D01DFD56B600A02C93,
				056E456E1DFFD9E600D5C956,
				056E456F1DFFD9E600D5C956,
				056E45731DFFDF8600D5C956,
				AD73C6591E003CDA00E296D1,
				AD73C65A1E003CDA00E296D1,
			);
			name = Controller;
			path = controller;
			sourceTree = "<group>";
		};
		AD258D0A1DFD6C6C00948C7B = {
			isa = PBXGroup;
			children = (
				AD258D0B1DFD6C8C00948C7B,
				AD258D0C1DFD6C8C00948C7B,
				05F4814E1E0267DB002B83CC,
				05F4814F1E0267DB002B83CC,
				056E20D11E03CA4A007A9DD7,
				056E20D21E03CA4A007A9DD7,
				ADEA477B1E065B4200167EF0,
				ADEA477C1E065B4200167EF0,
				ADE169DD1E0A8EEA0014E8A8,
				ADE169DE1E0A8EEA0014E8A8,
			);
			path = Controllers;
			sourceTree = "<group>";
		};
		AD30B12E1DFAC900000189DD = {
			isa = PBXGroup;
			children = (
				AD30B1391DFAC900000189DD,
				AD30B1381DFAC900000189DD,
			);
			sourceTree = "<group>";
		};
		AD30B1381DFAC900000189DD = {
			isa = PBXGroup;
			children = (
				AD30B1371DFAC900000189DD,
			);
			name = Products;
			sourceTree = "<group>";
		};
		AD30B1391DFAC900000189DD = {
			isa = PBXGroup;
			children = (
				AD30B1511DFAC992000189DD,
				AD30B1541DFAC992000189DD,
				AD30B1671DFAC992000189DD,
				AD30B16F1DFAC992000189DD,
				AD30B13A1DFAC900000189DD,
			);
			path = xbsz;
			sourceTree = "<group>";
		};
		AD30B13A1DFAC900000189DD = {
			isa = PBXGroup;
			children = (
				AD30B1461DFAC900000189DD,
				AD30B1751DFACA0C000189DD,
				AD30B14B1DFAC900000189DD,
				AD30B13B1DFAC900000189DD,
			);
			name = "Supporting Files";
			sourceTree = "<group>";
		};
		AD30B1511DFAC992000189DD = {
			isa = PBXGroup;
			children = (
				AD30B1521DFAC992000189DD,
				AD30B1531DFAC992000189DD,
			);
			path = AppDelegate;
			sourceTree = "<group>";
		};
		AD30B1541DFAC992000189DD = {
			isa = PBXGroup;
			children = (
				AD30B1551DFAC992000189DD,
				AD30B15E1DFAC992000189DD,
				AD30B1611DFAC992000189DD,
				AD30B1641DFAC992000189DD,
				AD30B1661DFAC992000189DD,
			);
			path = Classes;
			sourceTree = "<group>";
		};
		AD30B1551DFAC992000189DD = {
			isa = PBXGroup;
			children = (
				AD30B1561DFAC992000189DD,
				AD30B1571DFAC992000189DD,
				AD30B15A1DFAC992000189DD,
				AD30B15B1DFAC992000189DD,
				AD30B15C1DFAC992000189DD,
				AD30B15D1DFAC992000189DD,
			);
			path = General;
			sourceTree = "<group>";
		};
		AD30B1561DFAC992000189DD = {
			isa = PBXGroup;
			children = (
				056E45621DFFD8EE00D5C956,
				056E45631DFFD8EE00D5C956,
				056E45641DFFD8EE00D5C956,
				AD02DC6A1DFAE663002F1BA4,
			);
			path = Base;
			sourceTree = "<group>";
		};
		AD30B1571DFAC992000189DD = {
			isa = PBXGroup;
			children = (
				AD30B1581DFAC992000189DD,
				AD30B1591DFAC992000189DD,
				AD73C65F1E0049A500E296D1,
				AD73C6601E0049A500E296D1,
			);
			path = Categories;
			sourceTree = "<group>";
		};
		AD30B15A1DFAC992000189DD = {
			isa = PBXGroup;
			children = (
			);
			path = Core;
			sourceTree = "<group>";
		};
		AD30B15B1DFAC992000189DD = {
			isa = PBXGroup;
			children = (
			);
			path = Models;
			sourceTree = "<group>";
		};
		AD30B15C1DFAC992000189DD = {
			isa = PBXGroup;
			children = (
			);
			path = Public;
			sourceTree = "<group>";
		};
		AD30B15D1DFAC992000189DD = {
			isa = PBXGroup;
			children = (
				054EE6F21E013F58009BBCF8,
				054EE6F31E013F58009BBCF8,
			);
			path = Views;
			sourceTree = "<group>";
		};
		AD30B15E1DFAC992000189DD = {
			isa = PBXGroup;
			children = (
				AD30B15F1DFAC992000189DD,
				AD30B1601DFAC992000189DD,
			);
			path = Helpers;
			sourceTree = "<group>";
		};
		AD30B1611DFAC992000189DD = {
			isa = PBXGroup;
			children = (
				AD30B1621DFAC992000189DD,
				AD30B1631DFAC992000189DD,
				AD02DC691DFAD3C1002F1BA4,
				056E455B1DFFC62400D5C956,
			);
			path = Import;
			sourceTree = "<group>";
		};
		AD30B1641DFAC992000189DD = {
			isa = PBXGroup;
			children = (
				AD30B1651DFAC992000189DD,
				AD02DC671DFACEAF002F1BA4,
			);
			path = Macro;
			sourceTree = "<group>";
		};
		AD30B1661DFAC992000189DD = {
			isa = PBXGroup;
			children = (
				AD79923F1E01A011008F733F,
				056E45561DFFC5EF00D5C956,
			);
			path = Vendors;
			sourceTree = "<group>";
		};
		AD30B1671DFAC992000189DD = {
			isa = PBXGroup;
			children = (
				AD324D7F1E0198A800963FCB,
				AD30B1681DFAC992000189DD,
				ADFB841F1DFAE897002BA1F2,
				ADFB84201DFAE897002BA1F2,
			);
			path = Modules;
			sourceTree = "<group>";
		};
		AD30B1681DFAC992000189DD = {
			isa = PBXGroup;
			children = (
				AD30B1691DFAC992000189DD,
				AD30B16C1DFAC992000189DD,
				AD30B16D1DFAC992000189DD,
				AD30B16E1DFAC992000189DD,
			);
			path = launch;
			sourceTree = "<group>";
		};
		AD30B1691DFAC992000189DD = {
			isa = PBXGroup;
			children = (
				AD30B16A1DFAC992000189DD,
				AD30B16B1DFAC992000189DD,
			);
			path = Controllers;
			sourceTree = "<group>";
		};
		AD30B16C1DFAC992000189DD = {
			isa = PBXGroup;
			children = (
			);
			path = Models;
			sourceTree = "<group>";
		};
		AD30B16D1DFAC992000189DD = {
			isa = PBXGroup;
			children = (
			);
			path = ViewModels;
			sourceTree = "<group>";
		};
		AD30B16E1DFAC992000189DD = {
			isa = PBXGroup;
			children = (
			);
			path = Views;
			sourceTree = "<group>";
		};
		AD30B16F1DFAC992000189DD = {
			isa = PBXGroup;
			children = (
				056E45741DFFE55F00D5C956,
				AD30B1701DFAC992000189DD,
			);
			path = Resources;
			sourceTree = "<group>";
		};
		AD30B1701DFAC992000189DD = {
			isa = PBXGroup;
			children = (
			);
			path = Fonts;
			sourceTree = "<group>";
		};
		AD324D7F1E0198A800963FCB = {
			isa = PBXGroup;
			children = (
				05F481441E0248C0002B83CC,
				AD324D801E01990A00963FCB,
			);
			path = discover;
			sourceTree = "<group>";
		};
		AD324D801E01990A00963FCB = {
			isa = PBXGroup;
			children = (
				AD324D821E01998500963FCB,
				AD324D831E01998500963FCB,
			);
			path = Controllers;
			sourceTree = "<group>";
		};
		AD79923F1E01A011008F733F = {
			isa = PBXGroup;
			children = (
				AD7992401E01A011008F733F,
				AD7992411E01A011008F733F,
				AD7992421E01A011008F733F,
				AD7992431E01A011008F733F,
				AD7992441E01A011008F733F,
				AD7992451E01A011008F733F,
				AD7992461E01A011008F733F,
				AD7992471E01A011008F733F,
				AD7992481E01A011008F733F,
			);
			path = YZDisplayViewController;
			sourceTree = "<group>";
		};
		ADF042371E0192EF00171489 = {
			isa = PBXGroup;
			children = (
				ADF042381E0192EF00171489,
				ADF042391E0192EF00171489,
				ADF0423A1E0192EF00171489,
				ADF0423B1E0192EF00171489,
				ADF0423C1E0192EF00171489,
				ADF0423D1E0192EF00171489,
				ADF0423E1E0192EF00171489,
				ADF0423F1E0192EF00171489,
				ADF042401E0192EF00171489,
				ADF042411E0192EF00171489,
				ADF042421E0192EF00171489,
			);
			path = avatar;
			sourceTree = "<group>";
		};
		ADFB841F1DFAE897002BA1F2 = {
			isa = PBXGroup;
			children = (
				ADFB84211DFAE8B2002BA1F2,
			);
			path = home;
			sourceTree = "<group>";
		};
		ADFB84201DFAE897002BA1F2 = {
			isa = PBXGroup;
			children = (
				AD258D0A1DFD6C6C00948C7B,
				05F481511E028086002B83CC,
			);
			path = mine;
			sourceTree = "<group>";
		};
		ADFB84211DFAE8B2002BA1F2 = {
			isa = PBXGroup;
			children = (
				ADA278DC1DFAF16C00681C47,
				ADA278DD1DFAF16C00681C47,
			);
			path = Controllers;
			sourceTree = "<group>";
		};
/* End PBXGroup section */

/* Begin PBXNativeTarget section */
		AD30B1361DFAC900000189DD = {
			isa = PBXNativeTarget;
			buildConfigurationList = AD30B14E1DFAC900000189DD;
			buildPhases = (
				AD30B1331DFAC900000189DD,
				AD30B1341DFAC900000189DD,
				AD30B1351DFAC900000189DD,
			);
			buildRules = (
			);
			dependencies = (
			);
			name = xbsz;
			productName = xbsz;
			productReference = AD30B1371DFAC900000189DD;
			productType = "com.apple.product-type.application";
		};
/* End PBXNativeTarget section */

/* Begin PBXProject section */
		AD30B12F1DFAC900000189DD = {
			isa = PBXProject;
			attributes = {
				LastUpgradeCheck = 0810;
				ORGANIZATIONNAME = lotus;
				TargetAttributes = {
					AD30B1361DFAC900000189DD = {
						CreatedOnToolsVersion = 8.1;
						DevelopmentTeam = 37J966PJJJ;
						ProvisioningStyle = Automatic;
					};
				};
			};
			buildConfigurationList = AD30B1321DFAC900000189DD;
			compatibilityVersion = "Xcode 3.2";
			developmentRegion = English;
			hasScannedForEncodings = 0;
			knownRegions = (
				en,
				Base,
			);
			mainGroup = AD30B12E1DFAC900000189DD;
			productRefGroup = AD30B1381DFAC900000189DD;
			projectDirPath = "";
			projectReferences = (
			);
			projectRoot = "";
			targets = (
				AD30B1361DFAC900000189DD,
			);
		};
/* End PBXProject section */

/* Begin PBXResourcesBuildPhase section */
		AD30B1351DFAC900000189DD = {
			isa = PBXResourcesBuildPhase;
			buildActionMask = 2147483647;
			files = (
				ADF042451E0192EF00171489,
				ADF042431E0192EF00171489,
				ADF0424D1E0192EF00171489,
				ADF042471E0192EF00171489,
				ADF042441E0192EF00171489,
				ADF042461E0192EF00171489,
				ADF042481E0192EF00171489,
				ADF0424C1E0192EF00171489,
				ADF042491E0192EF00171489,
				AD30B1471DFAC900000189DD,
				ADF0424B1E0192EF00171489,
				ADF0424A1E0192EF00171489,
			);
			runOnlyForDeploymentPostprocessing = 0;
		};
/* End PBXResourcesBuildPhase section */

/* Begin PBXSourcesBuildPhase section */
		AD30B1331DFAC900000189DD = {
			isa = PBXSourcesBuildPhase;
			buildActionMask = 2147483647;
			files = (
				ADE169DF1E0A8EEA0014E8A8,
				054EE6F41E013F58009BBCF8,
				AD30B1721DFAC992000189DD,
				AD30B1711DFAC992000189DD,
				056E45671DFFD91900D5C956,
				056E456A1DFFD93B00D5C956,
				AD02DC6D1DFAE6B5002F1BA4,
				AD324D841E01998500963FCB,
				AD79924C1E01A011008F733F,
				056E20D31E03CA4A007A9DD7,
				AD30B1741DFAC992000189DD,
				AD7992491E01A011008F733F,
				056E45591DFFC5EF00D5C956,
				056E45701DFFD9E600D5C956,
				05947D701E02897300F05CFB,
				ADA278DE1DFAF16C00681C47,
				ADEA477D1E065B4200167EF0,
				AD02DC701DFAE733002F1BA4,
				AD79924A1E01A011008F733F,
				AD5B73D11DFD56B600A02C93,
				AD30B13C1DFAC900000189DD,
				AD258D0D1DFD6C8C00948C7B,
				AD73C6611E0049A500E296D1,
				AD30B1731DFAC992000189DD,
				05F4814D1E0249E8002B83CC,
				AD73C65B1E003CDA00E296D1,
				AD79924B1E01A011008F733F,
				05F481501E0267DB002B83CC,
				056E456D1DFFD94C00D5C956,
			);
			runOnlyForDeploymentPostprocessing = 0;
		};
/* End PBXSourcesBuildPhase section */

/* Begin XCBuildConfiguration section */
		AD30B14C1DFAC900000189DD = {
			isa = XCBuildConfiguration;
			buildSettings = {
				ALWAYS_SEARCH_USER_PATHS = NO;
				CLANG_ANALYZER_NONNULL = YES;
				CLANG_CXX_LANGUAGE_STANDARD = "gnu++0x";
				CLANG_CXX_LIBRARY = "libc++";
				CLANG_ENABLE_MODULES = YES;
				CLANG_ENABLE_OBJC_ARC = YES;
				CLANG_WARN_BOOL_CONVERSION = YES;
				CLANG_WARN_CONSTANT_CONVERSION = YES;
				CLANG_WARN_DIRECT_OBJC_ISA_USAGE = YES_ERROR;
				CLANG_WARN_DOCUMENTATION_COMMENTS = YES;
				CLANG_WARN_EMPTY_BODY = YES;
				CLANG_WARN_ENUM_CONVERSION = YES;
				CLANG_WARN_INFINITE_RECURSION = YES;
				CLANG_WARN_INT_CONVERSION = YES;
				CLANG_WARN_OBJC_ROOT_CLASS = YES_ERROR;
				CLANG_WARN_SUSPICIOUS_MOVE = YES;
				CLANG_WARN_SUSPICIOUS_MOVES = YES;
				CLANG_WARN_UNREACHABLE_CODE = YES;
				CLANG_WARN__DUPLICATE_METHOD_MATCH = YES;
				"CODE_SIGN_IDENTITY[sdk=iphoneos*]" = "iPhone Developer";
				COPY_PHASE_STRIP = NO;
				DEBUG_INFORMATION_FORMAT = dwarf;
				ENABLE_STRICT_OBJC_MSGSEND = YES;
				ENABLE_TESTABILITY = YES;
				GCC_C_LANGUAGE_STANDARD = gnu99;
				GCC_DYNAMIC_NO_PIC = NO;
				GCC_NO_COMMON_BLOCKS = YES;
				GCC_OPTIMIZATION_LEVEL = 0;
				GCC_PREPROCESSOR_DEFINITIONS = (
					"DEBUG=1",
					"$(inherited)",
				);
				GCC_WARN_64_TO_32_BIT_CONVERSION = YES;
				GCC_WARN_ABOUT_RETURN_TYPE = YES_ERROR;
				GCC_WARN_UNDECLARED_SELECTOR = YES;
				GCC_WARN_UNINITIALIZED_AUTOS = YES_AGGRESSIVE;
				GCC_WARN_UNUSED_FUNCTION = YES;
				GCC_WARN_UNUSED_VARIABLE = YES;
				IPHONEOS_DEPLOYMENT_TARGET = 10.2;
				MTL_ENABLE_DEBUG_INFO = YES;
				ONLY_ACTIVE_ARCH = YES;
				SDKROOT = iphoneos;
			};
			name = Debug;
		};
		AD30B14D1DFAC900000189DD = {
			isa = XCBuildConfiguration;
			buildSettings = {
				ALWAYS_SEARCH_USER_PATHS = NO;
				CLANG_ANALYZER_NONNULL = YES;
				CLANG_CXX_LANGUAGE_STANDARD = "gnu++0x";
				CLANG_CXX_LIBRARY = "libc++";
				CLANG_ENABLE_MODULES = YES;
				CLANG_ENABLE_OBJC_ARC = YES;
				CLANG_WARN_BOOL_CONVERSION = YES;
				CLANG_WARN_CONSTANT_CONVERSION = YES;
				CLANG_WARN_DIRECT_OBJC_ISA_USAGE = YES_ERROR;
				CLANG_WARN_DOCUMENTATION_COMMENTS = YES;
				CLANG_WARN_EMPTY_BODY = YES;
				CLANG_WARN_ENUM_CONVERSION = YES;
				CLANG_WARN_INFINITE_RECURSION = YES;
				CLANG_WARN_INT_CONVERSION = YES;
				CLANG_WARN_OBJC_ROOT_CLASS = YES_ERROR;
				CLANG_WARN_SUSPICIOUS_MOVE = YES;
				CLANG_WARN_SUSPICIOUS_MOVES = YES;
				CLANG_WARN_UNREACHABLE_CODE = YES;
				CLANG_WARN__DUPLICATE_METHOD_MATCH = YES;
				"CODE_SIGN_IDENTITY[sdk=iphoneos*]" = "iPhone Developer";
				COPY_PHASE_STRIP = NO;
				DEBUG_INFORMATION_FORMAT = "dwarf-with-dsym";
				ENABLE_NS_ASSERTIONS = NO;
				ENABLE_STRICT_OBJC_MSGSEND = YES;
				GCC_C_LANGUAGE_STANDARD = gnu99;
				GCC_NO_COMMON_BLOCKS = YES;
				GCC_WARN_64_TO_32_BIT_CONVERSION = YES;
				GCC_WARN_ABOUT_RETURN_TYPE = YES_ERROR;
				GCC_WARN_UNDECLARED_SELECTOR = YES;
				GCC_WARN_UNINITIALIZED_AUTOS = YES_AGGRESSIVE;
				GCC_WARN_UNUSED_FUNCTION = YES;
				GCC_WARN_UNUSED_VARIABLE = YES;
				IPHONEOS_DEPLOYMENT_TARGET = 10.2;
				MTL_ENABLE_DEBUG_INFO = NO;
				SDKROOT = iphoneos;
				VALIDATE_PRODUCT = YES;
			};
			name = Release;
		};
		AD30B14F1DFAC900000189DD = {
			isa = XCBuildConfiguration;
			buildSettings = {
				ALWAYS_EMBED_SWIFT_STANDARD_LIBRARIES = YES;
				ALWAYS_SEARCH_USER_PATHS = NO;
				ASSETCATALOG_COMPILER_APPICON_NAME = AppIcon;
				ASSETCATALOG_COMPILER_LAUNCHIMAGE_NAME = LaunchImage;
				CLANG_ENABLE_OBJC_WEAK = YES;
				"CODE_SIGN_IDENTITY[sdk=iphoneos*]" = "iPhone Developer";
				DEVELOPMENT_TEAM = 37J966PJJJ;
				GCC_PRECOMPILE_PREFIX_HEADER = YES;
				GCC_PREFIX_HEADER = "$(SRCROOT)/xbsz/PrefixHeader.pch";
				HEADER_SEARCH_PATHS = (
					"$(inherited)",
					"$(PODS_ROOT)",
					"\"${PODS_ROOT}/Headers/Public\"",
				);
				INFOPLIST_FILE = xbsz/Info.plist;
				IPHONEOS_DEPLOYMENT_TARGET = 8.0;
				LD_RUNPATH_SEARCH_PATHS = "$(inherited) @executable_path/Frameworks";
				OTHER_LDFLAGS = (
					"$(inherited)",
					"-Objc",
				);
				PRODUCT_BUNDLE_IDENTIFIER = cc.slotus.xbsz;
				PRODUCT_NAME = "$(TARGET_NAME)";
				USER_HEADER_SEARCH_PATHS = "$(PODS_ROOT)";
			};
			name = Debug;
		};
		AD30B1501DFAC900000189DD = {
			isa = XCBuildConfiguration;
			buildSettings = {
				ALWAYS_EMBED_SWIFT_STANDARD_LIBRARIES = YES;
				ALWAYS_SEARCH_USER_PATHS = NO;
				ASSETCATALOG_COMPILER_APPICON_NAME = AppIcon;
				ASSETCATALOG_COMPILER_LAUNCHIMAGE_NAME = LaunchImage;
				CLANG_ENABLE_OBJC_WEAK = YES;
				"CODE_SIGN_IDENTITY[sdk=iphoneos*]" = "iPhone Developer";
				DEVELOPMENT_TEAM = 37J966PJJJ;
				GCC_PRECOMPILE_PREFIX_HEADER = YES;
				GCC_PREFIX_HEADER = "$(SRCROOT)/xbsz/PrefixHeader.pch";
				HEADER_SEARCH_PATHS = (
					"$(inherited)",
					"$(PODS_ROOT)",
					"\"${PODS_ROOT}/Headers/Public\"",
				);
				INFOPLIST_FILE = xbsz/Info.plist;
				IPHONEOS_DEPLOYMENT_TARGET = 8.0;
				LD_RUNPATH_SEARCH_PATHS = "$(inherited) @executable_path/Frameworks";
				OTHER_LDFLAGS = (
					"$(inherited)",
					"-Objc",
				);
				PRODUCT_BUNDLE_IDENTIFIER = cc.slotus.xbsz;
				PRODUCT_NAME = "$(TARGET_NAME)";
				USER_HEADER_SEARCH_PATHS = "$(PODS_ROOT)";
			};
			name = Release;
		};
/* End XCBuildConfiguration section */

/* Begin XCConfigurationList section */
		AD30B1321DFAC900000189DD = {
			isa = XCConfigurationList;
			buildConfigurations = (
				AD30B14C1DFAC900000189DD,
				AD30B14D1DFAC900000189DD,
			);
			defaultConfigurationIsVisible = 0;
			defaultConfigurationName = Release;
		};
		AD30B14E1DFAC900000189DD = {
			isa = XCConfigurationList;
			buildConfigurations = (
				AD30B14F1DFAC900000189DD,
				AD30B1501DFAC900000189DD,
			);
			defaultConfigurationIsVisible = 0;
			defaultConfigurationName = Release;
		};
/* End XCConfigurationList section */
	};
	rootObject = AD30B12F1DFAC900000189DD;
}
