// !$*UTF8*$!
{
	archiveVersion = 1;
	classes = {
	};
	objectVersion = 46;
	objects = {

/* Begin PBXBuildFile section */
		0179306602067FADC4227FF2 /* Pods_xbsz.framework in Frameworks */ = {isa = PBXBuildFile; fileRef = 0CF31A68533FF38763155EFF /* Pods_xbsz.framework */; };
		0518ECA71E5FCD2E0018F432 /* cell_gif.gif in Resources */ = {isa = PBXBuildFile; fileRef = 0518ECA61E5FCD2E0018F432 /* cell_gif.gif */; };
		0518ECAF1E6012400018F432 /* CampusViewController.m in Sources */ = {isa = PBXBuildFile; fileRef = 0518ECAA1E6012400018F432 /* CampusViewController.m */; };
		0518ECB01E6012400018F432 /* CampusTableViewCell.m in Sources */ = {isa = PBXBuildFile; fileRef = 0518ECAE1E6012400018F432 /* CampusTableViewCell.m */; };
		0518ECB31E6012AD0018F432 /* CampusNote.m in Sources */ = {isa = PBXBuildFile; fileRef = 0518ECB21E6012AD0018F432 /* CampusNote.m */; };
		0518ECB61E60138A0018F432 /* CXUser.m in Sources */ = {isa = PBXBuildFile; fileRef = 0518ECB51E60138A0018F432 /* CXUser.m */; };
		0518ECB91E6016D80018F432 /* CXLocalUser.m in Sources */ = {isa = PBXBuildFile; fileRef = 0518ECB81E6016D80018F432 /* CXLocalUser.m */; };
		0518ECBC1E601B790018F432 /* CampusNoteList.m in Sources */ = {isa = PBXBuildFile; fileRef = 0518ECBB1E601B790018F432 /* CampusNoteList.m */; };
		0518ECC61E6037C60018F432 /* notes.json in Resources */ = {isa = PBXBuildFile; fileRef = 0518ECC51E6037C60018F432 /* notes.json */; };
		0518ECC81E603E480018F432 /* user.json in Resources */ = {isa = PBXBuildFile; fileRef = 0518ECC71E603E480018F432 /* user.json */; };
		0518ECCA1E6041E10018F432 /* note.json in Resources */ = {isa = PBXBuildFile; fileRef = 0518ECC91E6041E10018F432 /* note.json */; };
		0538AAA51E6E91C400E7A51D /* CampusComment.m in Sources */ = {isa = PBXBuildFile; fileRef = 0538AAA41E6E91C400E7A51D /* CampusComment.m */; };
		0538AAA81E6E9BDC00E7A51D /* NSString+CXAdd.m in Sources */ = {isa = PBXBuildFile; fileRef = 0538AAA71E6E9BDC00E7A51D /* NSString+CXAdd.m */; };
		05C21AD41E5BE5AD00D7BA6C /* DiscoverViewController.m in Sources */ = {isa = PBXBuildFile; fileRef = 05C21ACD1E5BE5AD00D7BA6C /* DiscoverViewController.m */; };
		05C21AD51E5BE5AD00D7BA6C /* RecommendViewController.m in Sources */ = {isa = PBXBuildFile; fileRef = 05C21AD31E5BE5AD00D7BA6C /* RecommendViewController.m */; };
		05C21ADF1E5C23C000D7BA6C /* ToolBarView.m in Sources */ = {isa = PBXBuildFile; fileRef = 05C21ADE1E5C23C000D7BA6C /* ToolBarView.m */; };
		05C21AE11E5C35E100D7BA6C /* cell1.jpg in Resources */ = {isa = PBXBuildFile; fileRef = 05C21AE01E5C35E100D7BA6C /* cell1.jpg */; };
		05C21AE41E5C46CC00D7BA6C /* cell2.jpg in Resources */ = {isa = PBXBuildFile; fileRef = 05C21AE21E5C46CC00D7BA6C /* cell2.jpg */; };
		05C21AE51E5C46CC00D7BA6C /* cell3.jpg in Resources */ = {isa = PBXBuildFile; fileRef = 05C21AE31E5C46CC00D7BA6C /* cell3.jpg */; };
		05C21AE81E5C470D00D7BA6C /* cell4.jpg in Resources */ = {isa = PBXBuildFile; fileRef = 05C21AE61E5C470D00D7BA6C /* cell4.jpg */; };
		05C21AE91E5C470D00D7BA6C /* cell5.jpg in Resources */ = {isa = PBXBuildFile; fileRef = 05C21AE71E5C470D00D7BA6C /* cell5.jpg */; };
		AD29F4831E5B235F008346BD /* CXBaseTableView.m in Sources */ = {isa = PBXBuildFile; fileRef = AD29F4821E5B235F008346BD /* CXBaseTableView.m */; };
		AD29F4881E5B23C9008346BD /* CXBaseCollectionView.m in Sources */ = {isa = PBXBuildFile; fileRef = AD29F4871E5B23C9008346BD /* CXBaseCollectionView.m */; };
		AD29F48D1E5B244E008346BD /* UIAlertController+CXAlertController.m in Sources */ = {isa = PBXBuildFile; fileRef = AD29F48B1E5B244E008346BD /* UIAlertController+CXAlertController.m */; };
		AD2BE4EB1E5980CB00D0B0ED /* CXSectionButton.m in Sources */ = {isa = PBXBuildFile; fileRef = AD2BE4EA1E5980CB00D0B0ED /* CXSectionButton.m */; };
		AD30B1471DFAC900000189DD /* Assets.xcassets in Resources */ = {isa = PBXBuildFile; fileRef = AD30B1461DFAC900000189DD /* Assets.xcassets */; };
		AD7F88281E594D5E009603E4 /* YYReachability.m in Sources */ = {isa = PBXBuildFile; fileRef = AD7F881D1E594D5E009603E4 /* YYReachability.m */; };
		AD7F88291E594D5E009603E4 /* UIView+Frame.m in Sources */ = {isa = PBXBuildFile; fileRef = AD7F88201E594D5E009603E4 /* UIView+Frame.m */; };
		AD7F882A1E594D5E009603E4 /* YZDisplayTitleLabel.m in Sources */ = {isa = PBXBuildFile; fileRef = AD7F88221E594D5E009603E4 /* YZDisplayTitleLabel.m */; };
		AD7F882B1E594D5E009603E4 /* YZDisplayViewController.m in Sources */ = {isa = PBXBuildFile; fileRef = AD7F88241E594D5E009603E4 /* YZDisplayViewController.m */; };
		AD7F882C1E594D5E009603E4 /* YZFlowLayout.m in Sources */ = {isa = PBXBuildFile; fileRef = AD7F88271E594D5E009603E4 /* YZFlowLayout.m */; };
		AD7F88D91E595A5E009603E4 /* UIView+CXAdd.m in Sources */ = {isa = PBXBuildFile; fileRef = AD7F88B81E595A5E009603E4 /* UIView+CXAdd.m */; };
		AD7F88DA1E595A5E009603E4 /* UIViewController+CXInit.m in Sources */ = {isa = PBXBuildFile; fileRef = AD7F88BA1E595A5E009603E4 /* UIViewController+CXInit.m */; };
		AD7F88DB1E595A5E009603E4 /* CXBaseDisplayViewController.m in Sources */ = {isa = PBXBuildFile; fileRef = AD7F88BD1E595A5E009603E4 /* CXBaseDisplayViewController.m */; };
		AD7F88DC1E595A5E009603E4 /* CXBaseViewController.m in Sources */ = {isa = PBXBuildFile; fileRef = AD7F88BF1E595A5E009603E4 /* CXBaseViewController.m */; };
		AD7F88DD1E595A5E009603E4 /* CXNavigationController.m in Sources */ = {isa = PBXBuildFile; fileRef = AD7F88C11E595A5E009603E4 /* CXNavigationController.m */; };
		AD7F88DE1E595A5E009603E4 /* CXPushViewController.m in Sources */ = {isa = PBXBuildFile; fileRef = AD7F88C31E595A5E009603E4 /* CXPushViewController.m */; };
		AD7F88DF1E595A5E009603E4 /* CXTabBarController.m in Sources */ = {isa = PBXBuildFile; fileRef = AD7F88C51E595A5E009603E4 /* CXTabBarController.m */; };
		AD7F891A1E595B29009603E4 /* CXLaunchViewController.m in Sources */ = {isa = PBXBuildFile; fileRef = AD7F89001E595B29009603E4 /* CXLaunchViewController.m */; };
		AD7F891B1E595B29009603E4 /* InformViewController.m in Sources */ = {isa = PBXBuildFile; fileRef = AD7F89041E595B29009603E4 /* InformViewController.m */; };
		AD7F891C1E595B29009603E4 /* LoginViewController.m in Sources */ = {isa = PBXBuildFile; fileRef = AD7F89061E595B29009603E4 /* LoginViewController.m */; };
		AD7F891D1E595B29009603E4 /* RegisterViewController.m in Sources */ = {isa = PBXBuildFile; fileRef = AD7F89081E595B29009603E4 /* RegisterViewController.m */; };
		AD7F891E1E595B29009603E4 /* ResetViewController.m in Sources */ = {isa = PBXBuildFile; fileRef = AD7F890A1E595B29009603E4 /* ResetViewController.m */; };
		AD7F891F1E595B29009603E4 /* SetViewController.m in Sources */ = {isa = PBXBuildFile; fileRef = AD7F890D1E595B29009603E4 /* SetViewController.m */; };
		AD7F89201E595B29009603E4 /* UserCenterViewController.m in Sources */ = {isa = PBXBuildFile; fileRef = AD7F890F1E595B29009603E4 /* UserCenterViewController.m */; };
		AD7F89211E595B29009603E4 /* UserInfoViewController.m in Sources */ = {isa = PBXBuildFile; fileRef = AD7F89111E595B29009603E4 /* UserInfoViewController.m */; };
		AD7F89221E595B29009603E4 /* SetItemView.m in Sources */ = {isa = PBXBuildFile; fileRef = AD7F89141E595B29009603E4 /* SetItemView.m */; };
		AD7F89271E596036009603E4 /* AppDelegate.m in Sources */ = {isa = PBXBuildFile; fileRef = AD7F89251E596036009603E4 /* AppDelegate.m */; };
		AD7F89281E596036009603E4 /* main.m in Sources */ = {isa = PBXBuildFile; fileRef = AD7F89261E596036009603E4 /* main.m */; };
		AD7F892C1E59624A009603E4 /* CXNetworkMonitoring.m in Sources */ = {isa = PBXBuildFile; fileRef = AD7F892B1E59624A009603E4 /* CXNetworkMonitoring.m */; };
		AD7F893B1E5976FE009603E4 /* CourseViewController.m in Sources */ = {isa = PBXBuildFile; fileRef = AD7F89351E5976FE009603E4 /* CourseViewController.m */; };
		AD7F893C1E5976FE009603E4 /* ExerciseViewController.m in Sources */ = {isa = PBXBuildFile; fileRef = AD7F89391E5976FE009603E4 /* ExerciseViewController.m */; };
		AD7F893F1E597742009603E4 /* CXStudyViewController.m in Sources */ = {isa = PBXBuildFile; fileRef = AD7F893E1E597742009603E4 /* CXStudyViewController.m */; };
		ADF042431E0192EF00171489 /* avatar1.jpg in Resources */ = {isa = PBXBuildFile; fileRef = ADF042381E0192EF00171489 /* avatar1.jpg */; };
		ADF042441E0192EF00171489 /* avatar10.jpg in Resources */ = {isa = PBXBuildFile; fileRef = ADF042391E0192EF00171489 /* avatar10.jpg */; };
		ADF042451E0192EF00171489 /* avatar11.jpg in Resources */ = {isa = PBXBuildFile; fileRef = ADF0423A1E0192EF00171489 /* avatar11.jpg */; };
		ADF042461E0192EF00171489 /* avatar2.jpg in Resources */ = {isa = PBXBuildFile; fileRef = ADF0423B1E0192EF00171489 /* avatar2.jpg */; };
		ADF042471E0192EF00171489 /* avatar3.jpg in Resources */ = {isa = PBXBuildFile; fileRef = ADF0423C1E0192EF00171489 /* avatar3.jpg */; };
		ADF042481E0192EF00171489 /* avatar4.jpg in Resources */ = {isa = PBXBuildFile; fileRef = ADF0423D1E0192EF00171489 /* avatar4.jpg */; };
		ADF042491E0192EF00171489 /* avatar5.jpg in Resources */ = {isa = PBXBuildFile; fileRef = ADF0423E1E0192EF00171489 /* avatar5.jpg */; };
		ADF0424A1E0192EF00171489 /* avatar6.jpg in Resources */ = {isa = PBXBuildFile; fileRef = ADF0423F1E0192EF00171489 /* avatar6.jpg */; };
		ADF0424B1E0192EF00171489 /* avatar7.jpg in Resources */ = {isa = PBXBuildFile; fileRef = ADF042401E0192EF00171489 /* avatar7.jpg */; };
		ADF0424C1E0192EF00171489 /* avatar8.jpg in Resources */ = {isa = PBXBuildFile; fileRef = ADF042411E0192EF00171489 /* avatar8.jpg */; };
		ADF0424D1E0192EF00171489 /* avatar9.jpg in Resources */ = {isa = PBXBuildFile; fileRef = ADF042421E0192EF00171489 /* avatar9.jpg */; };
/* End PBXBuildFile section */

/* Begin PBXFileReference section */
		0518ECA61E5FCD2E0018F432 /* cell_gif.gif */ = {isa = PBXFileReference; lastKnownFileType = image.gif; path = cell_gif.gif; sourceTree = "<group>"; };
		0518ECA91E6012400018F432 /* CampusViewController.h */ = {isa = PBXFileReference; fileEncoding = 4; lastKnownFileType = sourcecode.c.h; path = CampusViewController.h; sourceTree = "<group>"; };
		0518ECAA1E6012400018F432 /* CampusViewController.m */ = {isa = PBXFileReference; fileEncoding = 4; lastKnownFileType = sourcecode.c.objc; path = CampusViewController.m; sourceTree = "<group>"; };
		0518ECAD1E6012400018F432 /* CampusTableViewCell.h */ = {isa = PBXFileReference; fileEncoding = 4; lastKnownFileType = sourcecode.c.h; path = CampusTableViewCell.h; sourceTree = "<group>"; };
		0518ECAE1E6012400018F432 /* CampusTableViewCell.m */ = {isa = PBXFileReference; fileEncoding = 4; lastKnownFileType = sourcecode.c.objc; path = CampusTableViewCell.m; sourceTree = "<group>"; };
		0518ECB11E6012AD0018F432 /* CampusNote.h */ = {isa = PBXFileReference; fileEncoding = 4; lastKnownFileType = sourcecode.c.h; path = CampusNote.h; sourceTree = "<group>"; };
		0518ECB21E6012AD0018F432 /* CampusNote.m */ = {isa = PBXFileReference; fileEncoding = 4; lastKnownFileType = sourcecode.c.objc; path = CampusNote.m; sourceTree = "<group>"; };
		0518ECB41E60138A0018F432 /* CXUser.h */ = {isa = PBXFileReference; fileEncoding = 4; lastKnownFileType = sourcecode.c.h; path = CXUser.h; sourceTree = "<group>"; };
		0518ECB51E60138A0018F432 /* CXUser.m */ = {isa = PBXFileReference; fileEncoding = 4; lastKnownFileType = sourcecode.c.objc; path = CXUser.m; sourceTree = "<group>"; };
		0518ECB71E6016D80018F432 /* CXLocalUser.h */ = {isa = PBXFileReference; fileEncoding = 4; lastKnownFileType = sourcecode.c.h; path = CXLocalUser.h; sourceTree = "<group>"; };
		0518ECB81E6016D80018F432 /* CXLocalUser.m */ = {isa = PBXFileReference; fileEncoding = 4; lastKnownFileType = sourcecode.c.objc; path = CXLocalUser.m; sourceTree = "<group>"; };
		0518ECBA1E601B790018F432 /* CampusNoteList.h */ = {isa = PBXFileReference; fileEncoding = 4; lastKnownFileType = sourcecode.c.h; path = CampusNoteList.h; sourceTree = "<group>"; };
		0518ECBB1E601B790018F432 /* CampusNoteList.m */ = {isa = PBXFileReference; fileEncoding = 4; lastKnownFileType = sourcecode.c.objc; path = CampusNoteList.m; sourceTree = "<group>"; };
		0518ECC51E6037C60018F432 /* notes.json */ = {isa = PBXFileReference; fileEncoding = 4; lastKnownFileType = text.json; path = notes.json; sourceTree = "<group>"; };
		0518ECC71E603E480018F432 /* user.json */ = {isa = PBXFileReference; fileEncoding = 4; lastKnownFileType = text.json; path = user.json; sourceTree = "<group>"; };
		0518ECC91E6041E10018F432 /* note.json */ = {isa = PBXFileReference; fileEncoding = 4; lastKnownFileType = text.json; path = note.json; sourceTree = "<group>"; };
		0538AAA31E6E91C400E7A51D /* CampusComment.h */ = {isa = PBXFileReference; fileEncoding = 4; lastKnownFileType = sourcecode.c.h; path = CampusComment.h; sourceTree = "<group>"; };
		0538AAA41E6E91C400E7A51D /* CampusComment.m */ = {isa = PBXFileReference; fileEncoding = 4; lastKnownFileType = sourcecode.c.objc; path = CampusComment.m; sourceTree = "<group>"; };
		0538AAA61E6E9BDC00E7A51D /* NSString+CXAdd.h */ = {isa = PBXFileReference; fileEncoding = 4; lastKnownFileType = sourcecode.c.h; path = "NSString+CXAdd.h"; sourceTree = "<group>"; };
		0538AAA71E6E9BDC00E7A51D /* NSString+CXAdd.m */ = {isa = PBXFileReference; fileEncoding = 4; lastKnownFileType = sourcecode.c.objc; path = "NSString+CXAdd.m"; sourceTree = "<group>"; };
		05C21ACC1E5BE5AD00D7BA6C /* DiscoverViewController.h */ = {isa = PBXFileReference; fileEncoding = 4; lastKnownFileType = sourcecode.c.h; path = DiscoverViewController.h; sourceTree = "<group>"; };
		05C21ACD1E5BE5AD00D7BA6C /* DiscoverViewController.m */ = {isa = PBXFileReference; fileEncoding = 4; lastKnownFileType = sourcecode.c.objc; path = DiscoverViewController.m; sourceTree = "<group>"; };
		05C21AD21E5BE5AD00D7BA6C /* RecommendViewController.h */ = {isa = PBXFileReference; fileEncoding = 4; lastKnownFileType = sourcecode.c.h; path = RecommendViewController.h; sourceTree = "<group>"; };
		05C21AD31E5BE5AD00D7BA6C /* RecommendViewController.m */ = {isa = PBXFileReference; fileEncoding = 4; lastKnownFileType = sourcecode.c.objc; path = RecommendViewController.m; sourceTree = "<group>"; };
		05C21ADD1E5C23C000D7BA6C /* ToolBarView.h */ = {isa = PBXFileReference; fileEncoding = 4; lastKnownFileType = sourcecode.c.h; path = ToolBarView.h; sourceTree = "<group>"; };
		05C21ADE1E5C23C000D7BA6C /* ToolBarView.m */ = {isa = PBXFileReference; fileEncoding = 4; lastKnownFileType = sourcecode.c.objc; path = ToolBarView.m; sourceTree = "<group>"; };
		05C21AE01E5C35E100D7BA6C /* cell1.jpg */ = {isa = PBXFileReference; lastKnownFileType = image.jpeg; path = cell1.jpg; sourceTree = "<group>"; };
		05C21AE21E5C46CC00D7BA6C /* cell2.jpg */ = {isa = PBXFileReference; lastKnownFileType = image.jpeg; name = cell2.jpg; path = avatar/cell2.jpg; sourceTree = "<group>"; };
		05C21AE31E5C46CC00D7BA6C /* cell3.jpg */ = {isa = PBXFileReference; lastKnownFileType = image.jpeg; name = cell3.jpg; path = avatar/cell3.jpg; sourceTree = "<group>"; };
		05C21AE61E5C470D00D7BA6C /* cell4.jpg */ = {isa = PBXFileReference; lastKnownFileType = image.jpeg; path = cell4.jpg; sourceTree = "<group>"; };
		05C21AE71E5C470D00D7BA6C /* cell5.jpg */ = {isa = PBXFileReference; lastKnownFileType = image.jpeg; path = cell5.jpg; sourceTree = "<group>"; };
		0B98F5648102EDEA138E0E41 /* Pods-xbsz.release.xcconfig */ = {isa = PBXFileReference; includeInIndex = 1; lastKnownFileType = text.xcconfig; name = "Pods-xbsz.release.xcconfig"; path = "Pods/Target Support Files/Pods-xbsz/Pods-xbsz.release.xcconfig"; sourceTree = "<group>"; };
		0CF31A68533FF38763155EFF /* Pods_xbsz.framework */ = {isa = PBXFileReference; explicitFileType = wrapper.framework; includeInIndex = 0; path = Pods_xbsz.framework; sourceTree = BUILT_PRODUCTS_DIR; };
		413BB848BED482568C1A6610 /* Pods-xbsz.debug.xcconfig */ = {isa = PBXFileReference; includeInIndex = 1; lastKnownFileType = text.xcconfig; name = "Pods-xbsz.debug.xcconfig"; path = "Pods/Target Support Files/Pods-xbsz/Pods-xbsz.debug.xcconfig"; sourceTree = "<group>"; };
		AD29F4811E5B235F008346BD /* CXBaseTableView.h */ = {isa = PBXFileReference; fileEncoding = 4; lastKnownFileType = sourcecode.c.h; path = CXBaseTableView.h; sourceTree = "<group>"; };
		AD29F4821E5B235F008346BD /* CXBaseTableView.m */ = {isa = PBXFileReference; fileEncoding = 4; lastKnownFileType = sourcecode.c.objc; path = CXBaseTableView.m; sourceTree = "<group>"; };
		AD29F4861E5B23C9008346BD /* CXBaseCollectionView.h */ = {isa = PBXFileReference; fileEncoding = 4; lastKnownFileType = sourcecode.c.h; path = CXBaseCollectionView.h; sourceTree = "<group>"; };
		AD29F4871E5B23C9008346BD /* CXBaseCollectionView.m */ = {isa = PBXFileReference; fileEncoding = 4; lastKnownFileType = sourcecode.c.objc; path = CXBaseCollectionView.m; sourceTree = "<group>"; };
		AD29F48A1E5B244E008346BD /* UIAlertController+CXAlertController.h */ = {isa = PBXFileReference; fileEncoding = 4; lastKnownFileType = sourcecode.c.h; path = "UIAlertController+CXAlertController.h"; sourceTree = "<group>"; };
		AD29F48B1E5B244E008346BD /* UIAlertController+CXAlertController.m */ = {isa = PBXFileReference; fileEncoding = 4; lastKnownFileType = sourcecode.c.objc; path = "UIAlertController+CXAlertController.m"; sourceTree = "<group>"; };
		AD2BE4E91E5980CB00D0B0ED /* CXSectionButton.h */ = {isa = PBXFileReference; fileEncoding = 4; lastKnownFileType = sourcecode.c.h; path = CXSectionButton.h; sourceTree = "<group>"; };
		AD2BE4EA1E5980CB00D0B0ED /* CXSectionButton.m */ = {isa = PBXFileReference; fileEncoding = 4; lastKnownFileType = sourcecode.c.objc; path = CXSectionButton.m; sourceTree = "<group>"; };
		AD30B1371DFAC900000189DD /* xbsz.app */ = {isa = PBXFileReference; explicitFileType = wrapper.application; includeInIndex = 0; path = xbsz.app; sourceTree = BUILT_PRODUCTS_DIR; };
		AD30B1461DFAC900000189DD /* Assets.xcassets */ = {isa = PBXFileReference; lastKnownFileType = folder.assetcatalog; name = Assets.xcassets; path = ../Assets.xcassets; sourceTree = "<group>"; };
		AD30B14B1DFAC900000189DD /* Info.plist */ = {isa = PBXFileReference; lastKnownFileType = text.plist.xml; path = Info.plist; sourceTree = "<group>"; };
		AD30B1751DFACA0C000189DD /* PrefixHeader.pch */ = {isa = PBXFileReference; lastKnownFileType = sourcecode.c.h; path = PrefixHeader.pch; sourceTree = "<group>"; };
		AD7F881C1E594D5E009603E4 /* YYReachability.h */ = {isa = PBXFileReference; fileEncoding = 4; lastKnownFileType = sourcecode.c.h; path = YYReachability.h; sourceTree = "<group>"; };
		AD7F881D1E594D5E009603E4 /* YYReachability.m */ = {isa = PBXFileReference; fileEncoding = 4; lastKnownFileType = sourcecode.c.objc; path = YYReachability.m; sourceTree = "<group>"; };
		AD7F881F1E594D5E009603E4 /* UIView+Frame.h */ = {isa = PBXFileReference; fileEncoding = 4; lastKnownFileType = sourcecode.c.h; path = "UIView+Frame.h"; sourceTree = "<group>"; };
		AD7F88201E594D5E009603E4 /* UIView+Frame.m */ = {isa = PBXFileReference; fileEncoding = 4; lastKnownFileType = sourcecode.c.objc; path = "UIView+Frame.m"; sourceTree = "<group>"; };
		AD7F88211E594D5E009603E4 /* YZDisplayTitleLabel.h */ = {isa = PBXFileReference; fileEncoding = 4; lastKnownFileType = sourcecode.c.h; path = YZDisplayTitleLabel.h; sourceTree = "<group>"; };
		AD7F88221E594D5E009603E4 /* YZDisplayTitleLabel.m */ = {isa = PBXFileReference; fileEncoding = 4; lastKnownFileType = sourcecode.c.objc; path = YZDisplayTitleLabel.m; sourceTree = "<group>"; };
		AD7F88231E594D5E009603E4 /* YZDisplayViewController.h */ = {isa = PBXFileReference; fileEncoding = 4; lastKnownFileType = sourcecode.c.h; path = YZDisplayViewController.h; sourceTree = "<group>"; };
		AD7F88241E594D5E009603E4 /* YZDisplayViewController.m */ = {isa = PBXFileReference; fileEncoding = 4; lastKnownFileType = sourcecode.c.objc; path = YZDisplayViewController.m; sourceTree = "<group>"; };
		AD7F88251E594D5E009603E4 /* YZDisplayViewHeader.h */ = {isa = PBXFileReference; fileEncoding = 4; lastKnownFileType = sourcecode.c.h; path = YZDisplayViewHeader.h; sourceTree = "<group>"; };
		AD7F88261E594D5E009603E4 /* YZFlowLayout.h */ = {isa = PBXFileReference; fileEncoding = 4; lastKnownFileType = sourcecode.c.h; path = YZFlowLayout.h; sourceTree = "<group>"; };
		AD7F88271E594D5E009603E4 /* YZFlowLayout.m */ = {isa = PBXFileReference; fileEncoding = 4; lastKnownFileType = sourcecode.c.objc; path = YZFlowLayout.m; sourceTree = "<group>"; };
		AD7F88B71E595A5E009603E4 /* UIView+CXAdd.h */ = {isa = PBXFileReference; fileEncoding = 4; lastKnownFileType = sourcecode.c.h; path = "UIView+CXAdd.h"; sourceTree = "<group>"; };
		AD7F88B81E595A5E009603E4 /* UIView+CXAdd.m */ = {isa = PBXFileReference; fileEncoding = 4; lastKnownFileType = sourcecode.c.objc; path = "UIView+CXAdd.m"; sourceTree = "<group>"; };
		AD7F88B91E595A5E009603E4 /* UIViewController+CXInit.h */ = {isa = PBXFileReference; fileEncoding = 4; lastKnownFileType = sourcecode.c.h; path = "UIViewController+CXInit.h"; sourceTree = "<group>"; };
		AD7F88BA1E595A5E009603E4 /* UIViewController+CXInit.m */ = {isa = PBXFileReference; fileEncoding = 4; lastKnownFileType = sourcecode.c.objc; path = "UIViewController+CXInit.m"; sourceTree = "<group>"; };
		AD7F88BC1E595A5E009603E4 /* CXBaseDisplayViewController.h */ = {isa = PBXFileReference; fileEncoding = 4; lastKnownFileType = sourcecode.c.h; path = CXBaseDisplayViewController.h; sourceTree = "<group>"; };
		AD7F88BD1E595A5E009603E4 /* CXBaseDisplayViewController.m */ = {isa = PBXFileReference; fileEncoding = 4; lastKnownFileType = sourcecode.c.objc; path = CXBaseDisplayViewController.m; sourceTree = "<group>"; };
		AD7F88BE1E595A5E009603E4 /* CXBaseViewController.h */ = {isa = PBXFileReference; fileEncoding = 4; lastKnownFileType = sourcecode.c.h; path = CXBaseViewController.h; sourceTree = "<group>"; };
		AD7F88BF1E595A5E009603E4 /* CXBaseViewController.m */ = {isa = PBXFileReference; fileEncoding = 4; lastKnownFileType = sourcecode.c.objc; path = CXBaseViewController.m; sourceTree = "<group>"; };
		AD7F88C01E595A5E009603E4 /* CXNavigationController.h */ = {isa = PBXFileReference; fileEncoding = 4; lastKnownFileType = sourcecode.c.h; path = CXNavigationController.h; sourceTree = "<group>"; };
		AD7F88C11E595A5E009603E4 /* CXNavigationController.m */ = {isa = PBXFileReference; fileEncoding = 4; lastKnownFileType = sourcecode.c.objc; path = CXNavigationController.m; sourceTree = "<group>"; };
		AD7F88C21E595A5E009603E4 /* CXPushViewController.h */ = {isa = PBXFileReference; fileEncoding = 4; lastKnownFileType = sourcecode.c.h; path = CXPushViewController.h; sourceTree = "<group>"; };
		AD7F88C31E595A5E009603E4 /* CXPushViewController.m */ = {isa = PBXFileReference; fileEncoding = 4; lastKnownFileType = sourcecode.c.objc; path = CXPushViewController.m; sourceTree = "<group>"; };
		AD7F88C41E595A5E009603E4 /* CXTabBarController.h */ = {isa = PBXFileReference; fileEncoding = 4; lastKnownFileType = sourcecode.c.h; path = CXTabBarController.h; sourceTree = "<group>"; };
		AD7F88C51E595A5E009603E4 /* CXTabBarController.m */ = {isa = PBXFileReference; fileEncoding = 4; lastKnownFileType = sourcecode.c.objc; path = CXTabBarController.m; sourceTree = "<group>"; };
		AD7F88CD1E595A5E009603E4 /* CategoryImport.h */ = {isa = PBXFileReference; fileEncoding = 4; lastKnownFileType = sourcecode.c.h; path = CategoryImport.h; sourceTree = "<group>"; };
		AD7F88CE1E595A5E009603E4 /* MacroImport.h */ = {isa = PBXFileReference; fileEncoding = 4; lastKnownFileType = sourcecode.c.h; path = MacroImport.h; sourceTree = "<group>"; };
		AD7F88CF1E595A5E009603E4 /* PodsImport.h */ = {isa = PBXFileReference; fileEncoding = 4; lastKnownFileType = sourcecode.c.h; path = PodsImport.h; sourceTree = "<group>"; };
		AD7F88D01E595A5E009603E4 /* VendorsImport.h */ = {isa = PBXFileReference; fileEncoding = 4; lastKnownFileType = sourcecode.c.h; path = VendorsImport.h; sourceTree = "<group>"; };
		AD7F88D21E595A5E009603E4 /* AppMacro.h */ = {isa = PBXFileReference; fileEncoding = 4; lastKnownFileType = sourcecode.c.h; path = AppMacro.h; sourceTree = "<group>"; };
		AD7F88D31E595A5E009603E4 /* FontAndColor.h */ = {isa = PBXFileReference; fileEncoding = 4; lastKnownFileType = sourcecode.c.h; path = FontAndColor.h; sourceTree = "<group>"; };
		AD7F88D41E595A5E009603E4 /* NotificationMacro.h */ = {isa = PBXFileReference; fileEncoding = 4; lastKnownFileType = sourcecode.c.h; path = NotificationMacro.h; sourceTree = "<group>"; };
		AD7F88D51E595A5E009603E4 /* UtilsMacro.h */ = {isa = PBXFileReference; fileEncoding = 4; lastKnownFileType = sourcecode.c.h; path = UtilsMacro.h; sourceTree = "<group>"; };
		AD7F88FF1E595B29009603E4 /* CXLaunchViewController.h */ = {isa = PBXFileReference; fileEncoding = 4; lastKnownFileType = sourcecode.c.h; path = CXLaunchViewController.h; sourceTree = "<group>"; };
		AD7F89001E595B29009603E4 /* CXLaunchViewController.m */ = {isa = PBXFileReference; fileEncoding = 4; lastKnownFileType = sourcecode.c.objc; path = CXLaunchViewController.m; sourceTree = "<group>"; };
		AD7F89031E595B29009603E4 /* InformViewController.h */ = {isa = PBXFileReference; fileEncoding = 4; lastKnownFileType = sourcecode.c.h; path = InformViewController.h; sourceTree = "<group>"; };
		AD7F89041E595B29009603E4 /* InformViewController.m */ = {isa = PBXFileReference; fileEncoding = 4; lastKnownFileType = sourcecode.c.objc; path = InformViewController.m; sourceTree = "<group>"; };
		AD7F89051E595B29009603E4 /* LoginViewController.h */ = {isa = PBXFileReference; fileEncoding = 4; lastKnownFileType = sourcecode.c.h; path = LoginViewController.h; sourceTree = "<group>"; };
		AD7F89061E595B29009603E4 /* LoginViewController.m */ = {isa = PBXFileReference; fileEncoding = 4; lastKnownFileType = sourcecode.c.objc; path = LoginViewController.m; sourceTree = "<group>"; };
		AD7F89071E595B29009603E4 /* RegisterViewController.h */ = {isa = PBXFileReference; fileEncoding = 4; lastKnownFileType = sourcecode.c.h; path = RegisterViewController.h; sourceTree = "<group>"; };
		AD7F89081E595B29009603E4 /* RegisterViewController.m */ = {isa = PBXFileReference; fileEncoding = 4; lastKnownFileType = sourcecode.c.objc; path = RegisterViewController.m; sourceTree = "<group>"; };
		AD7F89091E595B29009603E4 /* ResetViewController.h */ = {isa = PBXFileReference; fileEncoding = 4; lastKnownFileType = sourcecode.c.h; path = ResetViewController.h; sourceTree = "<group>"; };
		AD7F890A1E595B29009603E4 /* ResetViewController.m */ = {isa = PBXFileReference; fileEncoding = 4; lastKnownFileType = sourcecode.c.objc; path = ResetViewController.m; sourceTree = "<group>"; };
		AD7F890C1E595B29009603E4 /* SetViewController.h */ = {isa = PBXFileReference; fileEncoding = 4; lastKnownFileType = sourcecode.c.h; path = SetViewController.h; sourceTree = "<group>"; };
		AD7F890D1E595B29009603E4 /* SetViewController.m */ = {isa = PBXFileReference; fileEncoding = 4; lastKnownFileType = sourcecode.c.objc; path = SetViewController.m; sourceTree = "<group>"; };
		AD7F890E1E595B29009603E4 /* UserCenterViewController.h */ = {isa = PBXFileReference; fileEncoding = 4; lastKnownFileType = sourcecode.c.h; path = UserCenterViewController.h; sourceTree = "<group>"; };
		AD7F890F1E595B29009603E4 /* UserCenterViewController.m */ = {isa = PBXFileReference; fileEncoding = 4; lastKnownFileType = sourcecode.c.objc; path = UserCenterViewController.m; sourceTree = "<group>"; };
		AD7F89101E595B29009603E4 /* UserInfoViewController.h */ = {isa = PBXFileReference; fileEncoding = 4; lastKnownFileType = sourcecode.c.h; path = UserInfoViewController.h; sourceTree = "<group>"; };
		AD7F89111E595B29009603E4 /* UserInfoViewController.m */ = {isa = PBXFileReference; fileEncoding = 4; lastKnownFileType = sourcecode.c.objc; path = UserInfoViewController.m; sourceTree = "<group>"; };
		AD7F89131E595B29009603E4 /* SetItemView.h */ = {isa = PBXFileReference; fileEncoding = 4; lastKnownFileType = sourcecode.c.h; path = SetItemView.h; sourceTree = "<group>"; };
		AD7F89141E595B29009603E4 /* SetItemView.m */ = {isa = PBXFileReference; fileEncoding = 4; lastKnownFileType = sourcecode.c.objc; path = SetItemView.m; sourceTree = "<group>"; };
		AD7F89241E596036009603E4 /* AppDelegate.h */ = {isa = PBXFileReference; fileEncoding = 4; lastKnownFileType = sourcecode.c.h; path = AppDelegate.h; sourceTree = "<group>"; };
		AD7F89251E596036009603E4 /* AppDelegate.m */ = {isa = PBXFileReference; fileEncoding = 4; lastKnownFileType = sourcecode.c.objc; path = AppDelegate.m; sourceTree = "<group>"; };
		AD7F89261E596036009603E4 /* main.m */ = {isa = PBXFileReference; fileEncoding = 4; lastKnownFileType = sourcecode.c.objc; path = main.m; sourceTree = "<group>"; };
		AD7F892A1E59624A009603E4 /* CXNetworkMonitoring.h */ = {isa = PBXFileReference; fileEncoding = 4; lastKnownFileType = sourcecode.c.h; path = CXNetworkMonitoring.h; sourceTree = "<group>"; };
		AD7F892B1E59624A009603E4 /* CXNetworkMonitoring.m */ = {isa = PBXFileReference; fileEncoding = 4; lastKnownFileType = sourcecode.c.objc; path = CXNetworkMonitoring.m; sourceTree = "<group>"; };
		AD7F89341E5976FE009603E4 /* CourseViewController.h */ = {isa = PBXFileReference; fileEncoding = 4; lastKnownFileType = sourcecode.c.h; path = CourseViewController.h; sourceTree = "<group>"; };
		AD7F89351E5976FE009603E4 /* CourseViewController.m */ = {isa = PBXFileReference; fileEncoding = 4; lastKnownFileType = sourcecode.c.objc; path = CourseViewController.m; sourceTree = "<group>"; };
		AD7F89381E5976FE009603E4 /* ExerciseViewController.h */ = {isa = PBXFileReference; fileEncoding = 4; lastKnownFileType = sourcecode.c.h; path = ExerciseViewController.h; sourceTree = "<group>"; };
		AD7F89391E5976FE009603E4 /* ExerciseViewController.m */ = {isa = PBXFileReference; fileEncoding = 4; lastKnownFileType = sourcecode.c.objc; path = ExerciseViewController.m; sourceTree = "<group>"; };
		AD7F893D1E597742009603E4 /* CXStudyViewController.h */ = {isa = PBXFileReference; fileEncoding = 4; lastKnownFileType = sourcecode.c.h; path = CXStudyViewController.h; sourceTree = "<group>"; };
		AD7F893E1E597742009603E4 /* CXStudyViewController.m */ = {isa = PBXFileReference; fileEncoding = 4; lastKnownFileType = sourcecode.c.objc; path = CXStudyViewController.m; sourceTree = "<group>"; };
		ADF042381E0192EF00171489 /* avatar1.jpg */ = {isa = PBXFileReference; lastKnownFileType = image.jpeg; path = avatar1.jpg; sourceTree = "<group>"; };
		ADF042391E0192EF00171489 /* avatar10.jpg */ = {isa = PBXFileReference; lastKnownFileType = image.jpeg; path = avatar10.jpg; sourceTree = "<group>"; };
		ADF0423A1E0192EF00171489 /* avatar11.jpg */ = {isa = PBXFileReference; lastKnownFileType = image.jpeg; path = avatar11.jpg; sourceTree = "<group>"; };
		ADF0423B1E0192EF00171489 /* avatar2.jpg */ = {isa = PBXFileReference; lastKnownFileType = image.jpeg; path = avatar2.jpg; sourceTree = "<group>"; };
		ADF0423C1E0192EF00171489 /* avatar3.jpg */ = {isa = PBXFileReference; lastKnownFileType = image.jpeg; path = avatar3.jpg; sourceTree = "<group>"; };
		ADF0423D1E0192EF00171489 /* avatar4.jpg */ = {isa = PBXFileReference; lastKnownFileType = image.jpeg; path = avatar4.jpg; sourceTree = "<group>"; };
		ADF0423E1E0192EF00171489 /* avatar5.jpg */ = {isa = PBXFileReference; lastKnownFileType = image.jpeg; path = avatar5.jpg; sourceTree = "<group>"; };
		ADF0423F1E0192EF00171489 /* avatar6.jpg */ = {isa = PBXFileReference; lastKnownFileType = image.jpeg; path = avatar6.jpg; sourceTree = "<group>"; };
		ADF042401E0192EF00171489 /* avatar7.jpg */ = {isa = PBXFileReference; lastKnownFileType = image.jpeg; path = avatar7.jpg; sourceTree = "<group>"; };
		ADF042411E0192EF00171489 /* avatar8.jpg */ = {isa = PBXFileReference; lastKnownFileType = image.jpeg; path = avatar8.jpg; sourceTree = "<group>"; };
		ADF042421E0192EF00171489 /* avatar9.jpg */ = {isa = PBXFileReference; lastKnownFileType = image.jpeg; path = avatar9.jpg; sourceTree = "<group>"; };
/* End PBXFileReference section */

/* Begin PBXFrameworksBuildPhase section */
		AD30B1341DFAC900000189DD /* Frameworks */ = {
			isa = PBXFrameworksBuildPhase;
			buildActionMask = 2147483647;
			files = (
				0179306602067FADC4227FF2 /* Pods_xbsz.framework in Frameworks */,
			);
			runOnlyForDeploymentPostprocessing = 0;
		};
/* End PBXFrameworksBuildPhase section */

/* Begin PBXGroup section */
		0518ECA81E6012400018F432 /* Controller */ = {
			isa = PBXGroup;
			children = (
				0518ECA91E6012400018F432 /* CampusViewController.h */,
				0518ECAA1E6012400018F432 /* CampusViewController.m */,
			);
			path = Controller;
			sourceTree = "<group>";
		};
		0518ECAB1E6012400018F432 /* Model */ = {
			isa = PBXGroup;
			children = (
				0518ECB11E6012AD0018F432 /* CampusNote.h */,
				0518ECB21E6012AD0018F432 /* CampusNote.m */,
				0518ECBA1E601B790018F432 /* CampusNoteList.h */,
				0518ECBB1E601B790018F432 /* CampusNoteList.m */,
				0538AAA31E6E91C400E7A51D /* CampusComment.h */,
				0538AAA41E6E91C400E7A51D /* CampusComment.m */,
			);
			path = Model;
			sourceTree = "<group>";
		};
		0518ECAC1E6012400018F432 /* View */ = {
			isa = PBXGroup;
			children = (
				0518ECAD1E6012400018F432 /* CampusTableViewCell.h */,
				0518ECAE1E6012400018F432 /* CampusTableViewCell.m */,
			);
			path = View;
			sourceTree = "<group>";
		};
		056E45741DFFE55F00D5C956 /* image */ = {
			isa = PBXGroup;
			children = (
				05C21AE01E5C35E100D7BA6C /* cell1.jpg */,
				0518ECA61E5FCD2E0018F432 /* cell_gif.gif */,
				05C21AE21E5C46CC00D7BA6C /* cell2.jpg */,
				05C21AE61E5C470D00D7BA6C /* cell4.jpg */,
				05C21AE71E5C470D00D7BA6C /* cell5.jpg */,
				05C21AE31E5C46CC00D7BA6C /* cell3.jpg */,
				ADF042371E0192EF00171489 /* avatar */,
			);
			path = image;
			sourceTree = "<group>";
		};
		05C21ACA1E5BE5AD00D7BA6C /* campus */ = {
			isa = PBXGroup;
			children = (
				0518ECA81E6012400018F432 /* Controller */,
				0518ECAB1E6012400018F432 /* Model */,
				0518ECAC1E6012400018F432 /* View */,
			);
			path = campus;
			sourceTree = "<group>";
		};
		05C21ACE1E5BE5AD00D7BA6C /* dynamic */ = {
			isa = PBXGroup;
			children = (
				05C21ACF1E5BE5AD00D7BA6C /* Controllers */,
			);
			path = dynamic;
			sourceTree = "<group>";
		};
		05C21ACF1E5BE5AD00D7BA6C /* Controllers */ = {
			isa = PBXGroup;
			children = (
			);
			path = Controllers;
			sourceTree = "<group>";
		};
		05C21AD01E5BE5AD00D7BA6C /* recommend */ = {
			isa = PBXGroup;
			children = (
				05C21AD11E5BE5AD00D7BA6C /* Controllers */,
			);
			path = recommend;
			sourceTree = "<group>";
		};
		05C21AD11E5BE5AD00D7BA6C /* Controllers */ = {
			isa = PBXGroup;
			children = (
				05C21AD21E5BE5AD00D7BA6C /* RecommendViewController.h */,
				05C21AD31E5BE5AD00D7BA6C /* RecommendViewController.m */,
			);
			path = Controllers;
			sourceTree = "<group>";
		};
		7753F604EB2ACCF4D2EA652E /* Pods */ = {
			isa = PBXGroup;
			children = (
				413BB848BED482568C1A6610 /* Pods-xbsz.debug.xcconfig */,
				0B98F5648102EDEA138E0E41 /* Pods-xbsz.release.xcconfig */,
			);
			name = Pods;
			sourceTree = "<group>";
		};
		AD29F47F1E5B22B0008346BD /* CollectionView */ = {
			isa = PBXGroup;
			children = (
				AD29F4861E5B23C9008346BD /* CXBaseCollectionView.h */,
				AD29F4871E5B23C9008346BD /* CXBaseCollectionView.m */,
			);
			path = CollectionView;
			sourceTree = "<group>";
		};
		AD29F4801E5B22B0008346BD /* TableView */ = {
			isa = PBXGroup;
			children = (
				AD29F4811E5B235F008346BD /* CXBaseTableView.h */,
				AD29F4821E5B235F008346BD /* CXBaseTableView.m */,
				05C21ADD1E5C23C000D7BA6C /* ToolBarView.h */,
				05C21ADE1E5C23C000D7BA6C /* ToolBarView.m */,
			);
			path = TableView;
			sourceTree = "<group>";
		};
		AD29F4891E5B244E008346BD /* AlertView */ = {
			isa = PBXGroup;
			children = (
				AD29F48A1E5B244E008346BD /* UIAlertController+CXAlertController.h */,
				AD29F48B1E5B244E008346BD /* UIAlertController+CXAlertController.m */,
			);
			path = AlertView;
			sourceTree = "<group>";
		};
		AD29F48C1E5B244E008346BD /* ToastView */ = {
			isa = PBXGroup;
			children = (
			);
			path = ToastView;
			sourceTree = "<group>";
		};
		AD2BE4E81E5980CB00D0B0ED /* SectionButton */ = {
			isa = PBXGroup;
			children = (
				AD2BE4E91E5980CB00D0B0ED /* CXSectionButton.h */,
				AD2BE4EA1E5980CB00D0B0ED /* CXSectionButton.m */,
			);
			path = SectionButton;
			sourceTree = "<group>";
		};
		AD30B12E1DFAC900000189DD = {
			isa = PBXGroup;
			children = (
				AD30B1391DFAC900000189DD /* xbsz */,
				AD30B1381DFAC900000189DD /* Products */,
				7753F604EB2ACCF4D2EA652E /* Pods */,
				CB6A99314CF44A29C3E38939 /* Frameworks */,
			);
			sourceTree = "<group>";
		};
		AD30B1381DFAC900000189DD /* Products */ = {
			isa = PBXGroup;
			children = (
				AD30B1371DFAC900000189DD /* xbsz.app */,
			);
			name = Products;
			sourceTree = "<group>";
		};
		AD30B1391DFAC900000189DD /* xbsz */ = {
			isa = PBXGroup;
			children = (
				AD7F89231E596036009603E4 /* Main */,
				AD7F88B41E595A5E009603E4 /* Common */,
				AD7F88E21E595B29009603E4 /* Modules */,
				AD7F88931E595206009603E4 /* Classes */,
				AD7F881A1E594D5E009603E4 /* Vendors */,
				AD30B16F1DFAC992000189DD /* Resources */,
				AD30B13A1DFAC900000189DD /* Supporting Files */,
			);
			path = xbsz;
			sourceTree = "<group>";
		};
		AD30B13A1DFAC900000189DD /* Supporting Files */ = {
			isa = PBXGroup;
			children = (
				AD30B1751DFACA0C000189DD /* PrefixHeader.pch */,
				AD30B14B1DFAC900000189DD /* Info.plist */,
			);
			name = "Supporting Files";
			sourceTree = "<group>";
		};
		AD30B16F1DFAC992000189DD /* Resources */ = {
			isa = PBXGroup;
			children = (
				0518ECC71E603E480018F432 /* user.json */,
				0518ECC91E6041E10018F432 /* note.json */,
				0518ECC51E6037C60018F432 /* notes.json */,
				AD30B1461DFAC900000189DD /* Assets.xcassets */,
				056E45741DFFE55F00D5C956 /* image */,
				AD30B1701DFAC992000189DD /* Fonts */,
			);
			path = Resources;
			sourceTree = "<group>";
		};
		AD30B1701DFAC992000189DD /* Fonts */ = {
			isa = PBXGroup;
			children = (
			);
			path = Fonts;
			sourceTree = "<group>";
		};
		AD7F881A1E594D5E009603E4 /* Vendors */ = {
			isa = PBXGroup;
			children = (
				AD7F881B1E594D5E009603E4 /* YYKit */,
				AD7F881E1E594D5E009603E4 /* YZDisplayViewController */,
			);
			path = Vendors;
			sourceTree = "<group>";
		};
		AD7F881B1E594D5E009603E4 /* YYKit */ = {
			isa = PBXGroup;
			children = (
				AD7F881C1E594D5E009603E4 /* YYReachability.h */,
				AD7F881D1E594D5E009603E4 /* YYReachability.m */,
			);
			path = YYKit;
			sourceTree = "<group>";
		};
		AD7F881E1E594D5E009603E4 /* YZDisplayViewController */ = {
			isa = PBXGroup;
			children = (
				AD7F881F1E594D5E009603E4 /* UIView+Frame.h */,
				AD7F88201E594D5E009603E4 /* UIView+Frame.m */,
				AD7F88211E594D5E009603E4 /* YZDisplayTitleLabel.h */,
				AD7F88221E594D5E009603E4 /* YZDisplayTitleLabel.m */,
				AD7F88231E594D5E009603E4 /* YZDisplayViewController.h */,
				AD7F88241E594D5E009603E4 /* YZDisplayViewController.m */,
				AD7F88251E594D5E009603E4 /* YZDisplayViewHeader.h */,
				AD7F88261E594D5E009603E4 /* YZFlowLayout.h */,
				AD7F88271E594D5E009603E4 /* YZFlowLayout.m */,
			);
			path = YZDisplayViewController;
			sourceTree = "<group>";
		};
		AD7F88931E595206009603E4 /* Classes */ = {
			isa = PBXGroup;
			children = (
				AD7F88941E595206009603E4 /* Components */,
				AD7F88981E595206009603E4 /* Network */,
			);
			path = Classes;
			sourceTree = "<group>";
		};
		AD7F88941E595206009603E4 /* Components */ = {
			isa = PBXGroup;
			children = (
				AD29F4891E5B244E008346BD /* AlertView */,
				AD29F48C1E5B244E008346BD /* ToastView */,
			);
			path = Components;
			sourceTree = "<group>";
		};
		AD7F88981E595206009603E4 /* Network */ = {
			isa = PBXGroup;
			children = (
			);
			path = Network;
			sourceTree = "<group>";
		};
		AD7F88B41E595A5E009603E4 /* Common */ = {
			isa = PBXGroup;
			children = (
				AD7F88BB1E595A5E009603E4 /* Controllers */,
				AD7F88B51E595A5E009603E4 /* General */,
				AD7F88CC1E595A5E009603E4 /* Import */,
				AD7F88D11E595A5E009603E4 /* Macro */,
				AD7F88D61E595A5E009603E4 /* Utils */,
			);
			path = Common;
			sourceTree = "<group>";
		};
		AD7F88B51E595A5E009603E4 /* General */ = {
			isa = PBXGroup;
			children = (
				AD7F88C61E595A5E009603E4 /* Models */,
				AD7F88C81E595A5E009603E4 /* Views */,
				AD7F88B61E595A5E009603E4 /* Categories */,
			);
			path = General;
			sourceTree = "<group>";
		};
		AD7F88B61E595A5E009603E4 /* Categories */ = {
			isa = PBXGroup;
			children = (
				AD7F88B71E595A5E009603E4 /* UIView+CXAdd.h */,
				AD7F88B81E595A5E009603E4 /* UIView+CXAdd.m */,
				AD7F88B91E595A5E009603E4 /* UIViewController+CXInit.h */,
				AD7F88BA1E595A5E009603E4 /* UIViewController+CXInit.m */,
				0538AAA61E6E9BDC00E7A51D /* NSString+CXAdd.h */,
				0538AAA71E6E9BDC00E7A51D /* NSString+CXAdd.m */,
			);
			path = Categories;
			sourceTree = "<group>";
		};
		AD7F88BB1E595A5E009603E4 /* Controllers */ = {
			isa = PBXGroup;
			children = (
				AD7F88BC1E595A5E009603E4 /* CXBaseDisplayViewController.h */,
				AD7F88BD1E595A5E009603E4 /* CXBaseDisplayViewController.m */,
				AD7F88BE1E595A5E009603E4 /* CXBaseViewController.h */,
				AD7F88BF1E595A5E009603E4 /* CXBaseViewController.m */,
				AD7F88C01E595A5E009603E4 /* CXNavigationController.h */,
				AD7F88C11E595A5E009603E4 /* CXNavigationController.m */,
				AD7F88C21E595A5E009603E4 /* CXPushViewController.h */,
				AD7F88C31E595A5E009603E4 /* CXPushViewController.m */,
				AD7F88C41E595A5E009603E4 /* CXTabBarController.h */,
				AD7F88C51E595A5E009603E4 /* CXTabBarController.m */,
			);
			name = Controllers;
			path = General/Controllers;
			sourceTree = "<group>";
		};
		AD7F88C61E595A5E009603E4 /* Models */ = {
			isa = PBXGroup;
			children = (
				0518ECB41E60138A0018F432 /* CXUser.h */,
				0518ECB51E60138A0018F432 /* CXUser.m */,
				0518ECB71E6016D80018F432 /* CXLocalUser.h */,
				0518ECB81E6016D80018F432 /* CXLocalUser.m */,
			);
			path = Models;
			sourceTree = "<group>";
		};
		AD7F88C81E595A5E009603E4 /* Views */ = {
			isa = PBXGroup;
			children = (
				AD29F47F1E5B22B0008346BD /* CollectionView */,
				AD29F4801E5B22B0008346BD /* TableView */,
				AD2BE4E81E5980CB00D0B0ED /* SectionButton */,
			);
			path = Views;
			sourceTree = "<group>";
		};
		AD7F88CC1E595A5E009603E4 /* Import */ = {
			isa = PBXGroup;
			children = (
				AD7F88CD1E595A5E009603E4 /* CategoryImport.h */,
				AD7F88CE1E595A5E009603E4 /* MacroImport.h */,
				AD7F88CF1E595A5E009603E4 /* PodsImport.h */,
				AD7F88D01E595A5E009603E4 /* VendorsImport.h */,
			);
			path = Import;
			sourceTree = "<group>";
		};
		AD7F88D11E595A5E009603E4 /* Macro */ = {
			isa = PBXGroup;
			children = (
				AD7F88D21E595A5E009603E4 /* AppMacro.h */,
				AD7F88D31E595A5E009603E4 /* FontAndColor.h */,
				AD7F88D41E595A5E009603E4 /* NotificationMacro.h */,
				AD7F88D51E595A5E009603E4 /* UtilsMacro.h */,
			);
			path = Macro;
			sourceTree = "<group>";
		};
		AD7F88D61E595A5E009603E4 /* Utils */ = {
			isa = PBXGroup;
			children = (
				AD7F89291E59624A009603E4 /* NetworkMonitoring */,
			);
			path = Utils;
			sourceTree = "<group>";
		};
		AD7F88E21E595B29009603E4 /* Modules */ = {
			isa = PBXGroup;
			children = (
				AD7F88FD1E595B29009603E4 /* launch */,
				AD7F892D1E5976FE009603E4 /* study */,
				AD7F88E31E595B29009603E4 /* discover */,
				AD7F89011E595B29009603E4 /* mine */,
			);
			path = Modules;
			sourceTree = "<group>";
		};
		AD7F88E31E595B29009603E4 /* discover */ = {
			isa = PBXGroup;
			children = (
				05C21ACC1E5BE5AD00D7BA6C /* DiscoverViewController.h */,
				05C21ACD1E5BE5AD00D7BA6C /* DiscoverViewController.m */,
				05C21ACA1E5BE5AD00D7BA6C /* campus */,
				05C21ACE1E5BE5AD00D7BA6C /* dynamic */,
				05C21AD01E5BE5AD00D7BA6C /* recommend */,
			);
			path = discover;
			sourceTree = "<group>";
		};
		AD7F88FD1E595B29009603E4 /* launch */ = {
			isa = PBXGroup;
			children = (
				AD7F88FE1E595B29009603E4 /* Controllers */,
			);
			path = launch;
			sourceTree = "<group>";
		};
		AD7F88FE1E595B29009603E4 /* Controllers */ = {
			isa = PBXGroup;
			children = (
				AD7F88FF1E595B29009603E4 /* CXLaunchViewController.h */,
				AD7F89001E595B29009603E4 /* CXLaunchViewController.m */,
			);
			path = Controllers;
			sourceTree = "<group>";
		};
		AD7F89011E595B29009603E4 /* mine */ = {
			isa = PBXGroup;
			children = (
				AD7F89021E595B29009603E4 /* Controllers */,
				AD7F89121E595B29009603E4 /* Views */,
			);
			path = mine;
			sourceTree = "<group>";
		};
		AD7F89021E595B29009603E4 /* Controllers */ = {
			isa = PBXGroup;
			children = (
				AD7F89031E595B29009603E4 /* InformViewController.h */,
				AD7F89041E595B29009603E4 /* InformViewController.m */,
				AD7F89051E595B29009603E4 /* LoginViewController.h */,
				AD7F89061E595B29009603E4 /* LoginViewController.m */,
				AD7F89071E595B29009603E4 /* RegisterViewController.h */,
				AD7F89081E595B29009603E4 /* RegisterViewController.m */,
				AD7F89091E595B29009603E4 /* ResetViewController.h */,
				AD7F890A1E595B29009603E4 /* ResetViewController.m */,
				AD7F890B1E595B29009603E4 /* set */,
				AD7F890E1E595B29009603E4 /* UserCenterViewController.h */,
				AD7F890F1E595B29009603E4 /* UserCenterViewController.m */,
				AD7F89101E595B29009603E4 /* UserInfoViewController.h */,
				AD7F89111E595B29009603E4 /* UserInfoViewController.m */,
			);
			path = Controllers;
			sourceTree = "<group>";
		};
		AD7F890B1E595B29009603E4 /* set */ = {
			isa = PBXGroup;
			children = (
				AD7F890C1E595B29009603E4 /* SetViewController.h */,
				AD7F890D1E595B29009603E4 /* SetViewController.m */,
			);
			path = set;
			sourceTree = "<group>";
		};
		AD7F89121E595B29009603E4 /* Views */ = {
			isa = PBXGroup;
			children = (
				AD7F89131E595B29009603E4 /* SetItemView.h */,
				AD7F89141E595B29009603E4 /* SetItemView.m */,
			);
			path = Views;
			sourceTree = "<group>";
		};
		AD7F89231E596036009603E4 /* Main */ = {
			isa = PBXGroup;
			children = (
				AD7F89241E596036009603E4 /* AppDelegate.h */,
				AD7F89251E596036009603E4 /* AppDelegate.m */,
				AD7F89261E596036009603E4 /* main.m */,
			);
			path = Main;
			sourceTree = "<group>";
		};
		AD7F89291E59624A009603E4 /* NetworkMonitoring */ = {
			isa = PBXGroup;
			children = (
				AD7F892A1E59624A009603E4 /* CXNetworkMonitoring.h */,
				AD7F892B1E59624A009603E4 /* CXNetworkMonitoring.m */,
			);
			path = NetworkMonitoring;
			sourceTree = "<group>";
		};
		AD7F892D1E5976FE009603E4 /* study */ = {
			isa = PBXGroup;
			children = (
				AD7F892E1E5976FE009603E4 /* Controllers */,
				AD7F89311E5976FE009603E4 /* sub */,
			);
			path = study;
			sourceTree = "<group>";
		};
		AD7F892E1E5976FE009603E4 /* Controllers */ = {
			isa = PBXGroup;
			children = (
				AD7F893D1E597742009603E4 /* CXStudyViewController.h */,
				AD7F893E1E597742009603E4 /* CXStudyViewController.m */,
			);
			path = Controllers;
			sourceTree = "<group>";
		};
		AD7F89311E5976FE009603E4 /* sub */ = {
			isa = PBXGroup;
			children = (
				AD7F89321E5976FE009603E4 /* course */,
				AD7F89361E5976FE009603E4 /* exercise */,
			);
			path = sub;
			sourceTree = "<group>";
		};
		AD7F89321E5976FE009603E4 /* course */ = {
			isa = PBXGroup;
			children = (
				AD7F89331E5976FE009603E4 /* controller */,
			);
			path = course;
			sourceTree = "<group>";
		};
		AD7F89331E5976FE009603E4 /* controller */ = {
			isa = PBXGroup;
			children = (
				AD7F89341E5976FE009603E4 /* CourseViewController.h */,
				AD7F89351E5976FE009603E4 /* CourseViewController.m */,
			);
			path = controller;
			sourceTree = "<group>";
		};
		AD7F89361E5976FE009603E4 /* exercise */ = {
			isa = PBXGroup;
			children = (
				AD7F89371E5976FE009603E4 /* controller */,
			);
			path = exercise;
			sourceTree = "<group>";
		};
		AD7F89371E5976FE009603E4 /* controller */ = {
			isa = PBXGroup;
			children = (
				AD7F89381E5976FE009603E4 /* ExerciseViewController.h */,
				AD7F89391E5976FE009603E4 /* ExerciseViewController.m */,
			);
			path = controller;
			sourceTree = "<group>";
		};
		ADF042371E0192EF00171489 /* avatar */ = {
			isa = PBXGroup;
			children = (
				ADF042381E0192EF00171489 /* avatar1.jpg */,
				ADF042391E0192EF00171489 /* avatar10.jpg */,
				ADF0423A1E0192EF00171489 /* avatar11.jpg */,
				ADF0423B1E0192EF00171489 /* avatar2.jpg */,
				ADF0423C1E0192EF00171489 /* avatar3.jpg */,
				ADF0423D1E0192EF00171489 /* avatar4.jpg */,
				ADF0423E1E0192EF00171489 /* avatar5.jpg */,
				ADF0423F1E0192EF00171489 /* avatar6.jpg */,
				ADF042401E0192EF00171489 /* avatar7.jpg */,
				ADF042411E0192EF00171489 /* avatar8.jpg */,
				ADF042421E0192EF00171489 /* avatar9.jpg */,
			);
			path = avatar;
			sourceTree = "<group>";
		};
		CB6A99314CF44A29C3E38939 /* Frameworks */ = {
			isa = PBXGroup;
			children = (
				0CF31A68533FF38763155EFF /* Pods_xbsz.framework */,
			);
			name = Frameworks;
			sourceTree = "<group>";
		};
/* End PBXGroup section */

/* Begin PBXNativeTarget section */
		AD30B1361DFAC900000189DD /* xbsz */ = {
			isa = PBXNativeTarget;
			buildConfigurationList = AD30B14E1DFAC900000189DD /* Build configuration list for PBXNativeTarget "xbsz" */;
			buildPhases = (
				3FE4FB87C366BBBB9825B35D /* [CP] Check Pods Manifest.lock */,
				AD30B1331DFAC900000189DD /* Sources */,
				AD30B1341DFAC900000189DD /* Frameworks */,
				AD30B1351DFAC900000189DD /* Resources */,
				C4771B26541E611FE4E6D7F3 /* [CP] Embed Pods Frameworks */,
				936B4FD098DF96F159277FAE /* [CP] Copy Pods Resources */,
			);
			buildRules = (
			);
			dependencies = (
			);
			name = xbsz;
			productName = xbsz;
			productReference = AD30B1371DFAC900000189DD /* xbsz.app */;
			productType = "com.apple.product-type.application";
		};
/* End PBXNativeTarget section */

/* Begin PBXProject section */
		AD30B12F1DFAC900000189DD /* Project object */ = {
			isa = PBXProject;
			attributes = {
				LastUpgradeCheck = 0810;
				ORGANIZATIONNAME = lotus;
				TargetAttributes = {
					AD30B1361DFAC900000189DD = {
						CreatedOnToolsVersion = 8.1;
						DevelopmentTeam = 37J966PJJJ;
						ProvisioningStyle = Automatic;
					};
				};
			};
			buildConfigurationList = AD30B1321DFAC900000189DD /* Build configuration list for PBXProject "xbsz" */;
			compatibilityVersion = "Xcode 3.2";
			developmentRegion = English;
			hasScannedForEncodings = 0;
			knownRegions = (
				en,
				Base,
			);
			mainGroup = AD30B12E1DFAC900000189DD;
			productRefGroup = AD30B1381DFAC900000189DD /* Products */;
			projectDirPath = "";
			projectRoot = "";
			targets = (
				AD30B1361DFAC900000189DD /* xbsz */,
			);
		};
/* End PBXProject section */

/* Begin PBXResourcesBuildPhase section */
		AD30B1351DFAC900000189DD /* Resources */ = {
			isa = PBXResourcesBuildPhase;
			buildActionMask = 2147483647;
			files = (
				ADF042451E0192EF00171489 /* avatar11.jpg in Resources */,
				ADF042431E0192EF00171489 /* avatar1.jpg in Resources */,
				05C21AE41E5C46CC00D7BA6C /* cell2.jpg in Resources */,
				05C21AE51E5C46CC00D7BA6C /* cell3.jpg in Resources */,
				0518ECC81E603E480018F432 /* user.json in Resources */,
				ADF0424D1E0192EF00171489 /* avatar9.jpg in Resources */,
				0518ECCA1E6041E10018F432 /* note.json in Resources */,
				ADF042471E0192EF00171489 /* avatar3.jpg in Resources */,
				ADF042441E0192EF00171489 /* avatar10.jpg in Resources */,
				0518ECA71E5FCD2E0018F432 /* cell_gif.gif in Resources */,
				ADF042461E0192EF00171489 /* avatar2.jpg in Resources */,
				ADF042481E0192EF00171489 /* avatar4.jpg in Resources */,
				ADF0424C1E0192EF00171489 /* avatar8.jpg in Resources */,
				ADF042491E0192EF00171489 /* avatar5.jpg in Resources */,
				AD30B1471DFAC900000189DD /* Assets.xcassets in Resources */,
				0518ECC61E6037C60018F432 /* notes.json in Resources */,
				05C21AE81E5C470D00D7BA6C /* cell4.jpg in Resources */,
				05C21AE91E5C470D00D7BA6C /* cell5.jpg in Resources */,
				05C21AE11E5C35E100D7BA6C /* cell1.jpg in Resources */,
				ADF0424B1E0192EF00171489 /* avatar7.jpg in Resources */,
				ADF0424A1E0192EF00171489 /* avatar6.jpg in Resources */,
			);
			runOnlyForDeploymentPostprocessing = 0;
		};
/* End PBXResourcesBuildPhase section */

/* Begin PBXShellScriptBuildPhase section */
		3FE4FB87C366BBBB9825B35D /* [CP] Check Pods Manifest.lock */ = {
			isa = PBXShellScriptBuildPhase;
			buildActionMask = 2147483647;
			files = (
			);
			inputPaths = (
			);
			name = "[CP] Check Pods Manifest.lock";
			outputPaths = (
			);
			runOnlyForDeploymentPostprocessing = 0;
			shellPath = /bin/sh;
			shellScript = "diff \"${PODS_ROOT}/../Podfile.lock\" \"${PODS_ROOT}/Manifest.lock\" > /dev/null\nif [ $? != 0 ] ; then\n    # print error to STDERR\n    echo \"error: The sandbox is not in sync with the Podfile.lock. Run 'pod install' or update your CocoaPods installation.\" >&2\n    exit 1\nfi\n";
			showEnvVarsInLog = 0;
		};
		936B4FD098DF96F159277FAE /* [CP] Copy Pods Resources */ = {
			isa = PBXShellScriptBuildPhase;
			buildActionMask = 2147483647;
			files = (
			);
			inputPaths = (
			);
			name = "[CP] Copy Pods Resources";
			outputPaths = (
			);
			runOnlyForDeploymentPostprocessing = 0;
			shellPath = /bin/sh;
			shellScript = "\"${SRCROOT}/Pods/Target Support Files/Pods-xbsz/Pods-xbsz-resources.sh\"\n";
			showEnvVarsInLog = 0;
		};
		C4771B26541E611FE4E6D7F3 /* [CP] Embed Pods Frameworks */ = {
			isa = PBXShellScriptBuildPhase;
			buildActionMask = 2147483647;
			files = (
			);
			inputPaths = (
			);
			name = "[CP] Embed Pods Frameworks";
			outputPaths = (
			);
			runOnlyForDeploymentPostprocessing = 0;
			shellPath = /bin/sh;
			shellScript = "\"${SRCROOT}/Pods/Target Support Files/Pods-xbsz/Pods-xbsz-frameworks.sh\"\n";
			showEnvVarsInLog = 0;
		};
/* End PBXShellScriptBuildPhase section */

/* Begin PBXSourcesBuildPhase section */
		AD30B1331DFAC900000189DD /* Sources */ = {
			isa = PBXSourcesBuildPhase;
			buildActionMask = 2147483647;
			files = (
				AD7F88DA1E595A5E009603E4 /* UIViewController+CXInit.m in Sources */,
				AD7F891C1E595B29009603E4 /* LoginViewController.m in Sources */,
				AD29F48D1E5B244E008346BD /* UIAlertController+CXAlertController.m in Sources */,
				AD7F89211E595B29009603E4 /* UserInfoViewController.m in Sources */,
				AD29F4831E5B235F008346BD /* CXBaseTableView.m in Sources */,
				05C21ADF1E5C23C000D7BA6C /* ToolBarView.m in Sources */,
				AD7F893F1E597742009603E4 /* CXStudyViewController.m in Sources */,
				AD7F892C1E59624A009603E4 /* CXNetworkMonitoring.m in Sources */,
				AD7F88DC1E595A5E009603E4 /* CXBaseViewController.m in Sources */,
				0518ECB61E60138A0018F432 /* CXUser.m in Sources */,
				0538AAA51E6E91C400E7A51D /* CampusComment.m in Sources */,
				AD7F882C1E594D5E009603E4 /* YZFlowLayout.m in Sources */,
				AD29F4881E5B23C9008346BD /* CXBaseCollectionView.m in Sources */,
				AD7F893B1E5976FE009603E4 /* CourseViewController.m in Sources */,
				AD7F891D1E595B29009603E4 /* RegisterViewController.m in Sources */,
				AD7F88DD1E595A5E009603E4 /* CXNavigationController.m in Sources */,
				0518ECB91E6016D80018F432 /* CXLocalUser.m in Sources */,
				AD7F89221E595B29009603E4 /* SetItemView.m in Sources */,
				AD7F89281E596036009603E4 /* main.m in Sources */,
				AD7F891B1E595B29009603E4 /* InformViewController.m in Sources */,
				0518ECB31E6012AD0018F432 /* CampusNote.m in Sources */,
				AD7F89271E596036009603E4 /* AppDelegate.m in Sources */,
				05C21AD41E5BE5AD00D7BA6C /* DiscoverViewController.m in Sources */,
				AD7F891E1E595B29009603E4 /* ResetViewController.m in Sources */,
				AD7F88DF1E595A5E009603E4 /* CXTabBarController.m in Sources */,
				AD7F882B1E594D5E009603E4 /* YZDisplayViewController.m in Sources */,
				AD7F891F1E595B29009603E4 /* SetViewController.m in Sources */,
				AD7F882A1E594D5E009603E4 /* YZDisplayTitleLabel.m in Sources */,
				AD2BE4EB1E5980CB00D0B0ED /* CXSectionButton.m in Sources */,
				AD7F88281E594D5E009603E4 /* YYReachability.m in Sources */,
				AD7F89201E595B29009603E4 /* UserCenterViewController.m in Sources */,
				0518ECB01E6012400018F432 /* CampusTableViewCell.m in Sources */,
				0538AAA81E6E9BDC00E7A51D /* NSString+CXAdd.m in Sources */,
				AD7F88D91E595A5E009603E4 /* UIView+CXAdd.m in Sources */,
				AD7F891A1E595B29009603E4 /* CXLaunchViewController.m in Sources */,
				AD7F88DB1E595A5E009603E4 /* CXBaseDisplayViewController.m in Sources */,
				AD7F893C1E5976FE009603E4 /* ExerciseViewController.m in Sources */,
				AD7F88291E594D5E009603E4 /* UIView+Frame.m in Sources */,
				0518ECAF1E6012400018F432 /* CampusViewController.m in Sources */,
				AD7F88DE1E595A5E009603E4 /* CXPushViewController.m in Sources */,
				0518ECBC1E601B790018F432 /* CampusNoteList.m in Sources */,
				05C21AD51E5BE5AD00D7BA6C /* RecommendViewController.m in Sources */,
			);
			runOnlyForDeploymentPostprocessing = 0;
		};
/* End PBXSourcesBuildPhase section */

/* Begin XCBuildConfiguration section */
		AD30B14C1DFAC900000189DD /* Debug */ = {
			isa = XCBuildConfiguration;
			buildSettings = {
				ALWAYS_SEARCH_USER_PATHS = NO;
				CLANG_ANALYZER_NONNULL = YES;
				CLANG_CXX_LANGUAGE_STANDARD = "gnu++0x";
				CLANG_CXX_LIBRARY = "libc++";
				CLANG_ENABLE_MODULES = YES;
				CLANG_ENABLE_OBJC_ARC = YES;
				CLANG_WARN_BOOL_CONVERSION = YES;
				CLANG_WARN_CONSTANT_CONVERSION = YES;
				CLANG_WARN_DIRECT_OBJC_ISA_USAGE = YES_ERROR;
				CLANG_WARN_DOCUMENTATION_COMMENTS = YES;
				CLANG_WARN_EMPTY_BODY = YES;
				CLANG_WARN_ENUM_CONVERSION = YES;
				CLANG_WARN_INFINITE_RECURSION = YES;
				CLANG_WARN_INT_CONVERSION = YES;
				CLANG_WARN_OBJC_ROOT_CLASS = YES_ERROR;
				CLANG_WARN_SUSPICIOUS_MOVE = YES;
				CLANG_WARN_SUSPICIOUS_MOVES = YES;
				CLANG_WARN_UNREACHABLE_CODE = YES;
				CLANG_WARN__DUPLICATE_METHOD_MATCH = YES;
				"CODE_SIGN_IDENTITY[sdk=iphoneos*]" = "iPhone Developer";
				COPY_PHASE_STRIP = NO;
				DEBUG_INFORMATION_FORMAT = dwarf;
				ENABLE_STRICT_OBJC_MSGSEND = YES;
				ENABLE_TESTABILITY = YES;
				GCC_C_LANGUAGE_STANDARD = gnu99;
				GCC_DYNAMIC_NO_PIC = NO;
				GCC_NO_COMMON_BLOCKS = YES;
				GCC_OPTIMIZATION_LEVEL = 0;
				GCC_PREPROCESSOR_DEFINITIONS = (
					"DEBUG=1",
					"$(inherited)",
				);
				GCC_WARN_64_TO_32_BIT_CONVERSION = YES;
				GCC_WARN_ABOUT_RETURN_TYPE = YES_ERROR;
				GCC_WARN_UNDECLARED_SELECTOR = YES;
				GCC_WARN_UNINITIALIZED_AUTOS = YES_AGGRESSIVE;
				GCC_WARN_UNUSED_FUNCTION = YES;
				GCC_WARN_UNUSED_VARIABLE = YES;
				HEADER_SEARCH_PATHS = "";
				IPHONEOS_DEPLOYMENT_TARGET = 10.2;
				MTL_ENABLE_DEBUG_INFO = YES;
				ONLY_ACTIVE_ARCH = YES;
				SDKROOT = iphoneos;
				USER_HEADER_SEARCH_PATHS = "";
			};
			name = Debug;
		};
		AD30B14D1DFAC900000189DD /* Release */ = {
			isa = XCBuildConfiguration;
			buildSettings = {
				ALWAYS_SEARCH_USER_PATHS = NO;
				CLANG_ANALYZER_NONNULL = YES;
				CLANG_CXX_LANGUAGE_STANDARD = "gnu++0x";
				CLANG_CXX_LIBRARY = "libc++";
				CLANG_ENABLE_MODULES = YES;
				CLANG_ENABLE_OBJC_ARC = YES;
				CLANG_WARN_BOOL_CONVERSION = YES;
				CLANG_WARN_CONSTANT_CONVERSION = YES;
				CLANG_WARN_DIRECT_OBJC_ISA_USAGE = YES_ERROR;
				CLANG_WARN_DOCUMENTATION_COMMENTS = YES;
				CLANG_WARN_EMPTY_BODY = YES;
				CLANG_WARN_ENUM_CONVERSION = YES;
				CLANG_WARN_INFINITE_RECURSION = YES;
				CLANG_WARN_INT_CONVERSION = YES;
				CLANG_WARN_OBJC_ROOT_CLASS = YES_ERROR;
				CLANG_WARN_SUSPICIOUS_MOVE = YES;
				CLANG_WARN_SUSPICIOUS_MOVES = YES;
				CLANG_WARN_UNREACHABLE_CODE = YES;
				CLANG_WARN__DUPLICATE_METHOD_MATCH = YES;
				"CODE_SIGN_IDENTITY[sdk=iphoneos*]" = "iPhone Developer";
				COPY_PHASE_STRIP = NO;
				DEBUG_INFORMATION_FORMAT = "dwarf-with-dsym";
				ENABLE_NS_ASSERTIONS = NO;
				ENABLE_STRICT_OBJC_MSGSEND = YES;
				GCC_C_LANGUAGE_STANDARD = gnu99;
				GCC_NO_COMMON_BLOCKS = YES;
				GCC_WARN_64_TO_32_BIT_CONVERSION = YES;
				GCC_WARN_ABOUT_RETURN_TYPE = YES_ERROR;
				GCC_WARN_UNDECLARED_SELECTOR = YES;
				GCC_WARN_UNINITIALIZED_AUTOS = YES_AGGRESSIVE;
				GCC_WARN_UNUSED_FUNCTION = YES;
				GCC_WARN_UNUSED_VARIABLE = YES;
				HEADER_SEARCH_PATHS = "";
				IPHONEOS_DEPLOYMENT_TARGET = 10.2;
				MTL_ENABLE_DEBUG_INFO = NO;
				SDKROOT = iphoneos;
				USER_HEADER_SEARCH_PATHS = "";
				VALIDATE_PRODUCT = YES;
			};
			name = Release;
		};
		AD30B14F1DFAC900000189DD /* Debug */ = {
			isa = XCBuildConfiguration;
			baseConfigurationReference = 413BB848BED482568C1A6610 /* Pods-xbsz.debug.xcconfig */;
			buildSettings = {
				ALWAYS_EMBED_SWIFT_STANDARD_LIBRARIES = YES;
				ALWAYS_SEARCH_USER_PATHS = NO;
				ASSETCATALOG_COMPILER_APPICON_NAME = AppIcon;
				ASSETCATALOG_COMPILER_LAUNCHIMAGE_NAME = LaunchImage;
				CLANG_ENABLE_OBJC_WEAK = YES;
				CODE_SIGN_IDENTITY = "iPhone Developer: Yujian Yang (2FK97V4U49)";
				"CODE_SIGN_IDENTITY[sdk=iphoneos*]" = "iPhone Developer";
				DEVELOPMENT_TEAM = 37J966PJJJ;
				GCC_PRECOMPILE_PREFIX_HEADER = YES;
				GCC_PREFIX_HEADER = "$(SRCROOT)/xbsz/PrefixHeader.pch";
				HEADER_SEARCH_PATHS = (
					"$(SRCROOT)",
					"$(PODS_ROOT)",
					"$(inherited)",
				);
				INFOPLIST_FILE = xbsz/Info.plist;
				IPHONEOS_DEPLOYMENT_TARGET = 8.0;
				LD_RUNPATH_SEARCH_PATHS = "$(inherited) @executable_path/Frameworks";
				OTHER_LDFLAGS = (
					"$(inherited)",
					"-Objc",
				);
				PRODUCT_BUNDLE_IDENTIFIER = cc.slotus.xbsz;
				PRODUCT_NAME = "$(TARGET_NAME)";
				PROVISIONING_PROFILE = "";
				USER_HEADER_SEARCH_PATHS = "${PODS_ROOT}/** $(SRCROOT)/**";
			};
			name = Debug;
		};
		AD30B1501DFAC900000189DD /* Release */ = {
			isa = XCBuildConfiguration;
			baseConfigurationReference = 0B98F5648102EDEA138E0E41 /* Pods-xbsz.release.xcconfig */;
			buildSettings = {
				ALWAYS_EMBED_SWIFT_STANDARD_LIBRARIES = YES;
				ALWAYS_SEARCH_USER_PATHS = NO;
				ASSETCATALOG_COMPILER_APPICON_NAME = AppIcon;
				ASSETCATALOG_COMPILER_LAUNCHIMAGE_NAME = LaunchImage;
				CLANG_ENABLE_OBJC_WEAK = YES;
				"CODE_SIGN_IDENTITY[sdk=iphoneos*]" = "iPhone Developer";
				DEVELOPMENT_TEAM = 37J966PJJJ;
				GCC_PRECOMPILE_PREFIX_HEADER = YES;
				GCC_PREFIX_HEADER = "$(SRCROOT)/xbsz/PrefixHeader.pch";
				HEADER_SEARCH_PATHS = (
					"$(SRCROOT)",
					"$(PODS_ROOT)",
					"$(inherited)",
				);
				INFOPLIST_FILE = xbsz/Info.plist;
				IPHONEOS_DEPLOYMENT_TARGET = 8.0;
				LD_RUNPATH_SEARCH_PATHS = "$(inherited) @executable_path/Frameworks";
				OTHER_LDFLAGS = (
					"$(inherited)",
					"-Objc",
				);
				PRODUCT_BUNDLE_IDENTIFIER = cc.slotus.xbsz;
				PRODUCT_NAME = "$(TARGET_NAME)";
				PROVISIONING_PROFILE = "";
				USER_HEADER_SEARCH_PATHS = "${PODS_ROOT}/** $(SRCROOT)/**";
			};
			name = Release;
		};
/* End XCBuildConfiguration section */

/* Begin XCConfigurationList section */
		AD30B1321DFAC900000189DD /* Build configuration list for PBXProject "xbsz" */ = {
			isa = XCConfigurationList;
			buildConfigurations = (
				AD30B14C1DFAC900000189DD /* Debug */,
				AD30B14D1DFAC900000189DD /* Release */,
			);
			defaultConfigurationIsVisible = 0;
			defaultConfigurationName = Release;
		};
		AD30B14E1DFAC900000189DD /* Build configuration list for PBXNativeTarget "xbsz" */ = {
			isa = XCConfigurationList;
			buildConfigurations = (
				AD30B14F1DFAC900000189DD /* Debug */,
				AD30B1501DFAC900000189DD /* Release */,
			);
			defaultConfigurationIsVisible = 0;
			defaultConfigurationName = Release;
		};
/* End XCConfigurationList section */
	};
	rootObject = AD30B12F1DFAC900000189DD /* Project object */;
}
